// !$*UTF8*$!
{
	archiveVersion = 1;
	classes = {
	};
	objectVersion = 56;
	objects = {

/* Begin PBXBuildFile section */
		B38C52CA29A7CE5000887076 /* AppDelegate.swift in Sources */ = {isa = PBXBuildFile; fileRef = B38C52C929A7CE5000887076 /* AppDelegate.swift */; };
		B38C52CC29A7CE5000887076 /* SceneDelegate.swift in Sources */ = {isa = PBXBuildFile; fileRef = B38C52CB29A7CE5000887076 /* SceneDelegate.swift */; };
		B38C52CE29A7CE5000887076 /* HomeMenuViewController.swift in Sources */ = {isa = PBXBuildFile; fileRef = B38C52CD29A7CE5000887076 /* HomeMenuViewController.swift */; };
		B38C52D329A7CE5000887076 /* Assets.xcassets in Resources */ = {isa = PBXBuildFile; fileRef = B38C52D229A7CE5000887076 /* Assets.xcassets */; };
		B38C52D629A7CE5000887076 /* LaunchScreen.storyboard in Resources */ = {isa = PBXBuildFile; fileRef = B38C52D429A7CE5000887076 /* LaunchScreen.storyboard */; };
		B38C52E129A7CE5100887076 /* ChallengeTests.swift in Sources */ = {isa = PBXBuildFile; fileRef = B38C52E029A7CE5100887076 /* ChallengeTests.swift */; };
		B38C531929A7DD8300887076 /* Coordinator.swift in Sources */ = {isa = PBXBuildFile; fileRef = B38C531829A7DD8300887076 /* Coordinator.swift */; };
		B38C531B29A7DDE300887076 /* AppCoordinator.swift in Sources */ = {isa = PBXBuildFile; fileRef = B38C531A29A7DDE300887076 /* AppCoordinator.swift */; };
		B38C531D29A7DFAA00887076 /* AppFactory.swift in Sources */ = {isa = PBXBuildFile; fileRef = B38C531C29A7DFAA00887076 /* AppFactory.swift */; };
/* End PBXBuildFile section */

/* Begin PBXContainerItemProxy section */
		B38C52DD29A7CE5100887076 /* PBXContainerItemProxy */ = {
			isa = PBXContainerItemProxy;
			containerPortal = B38C52BE29A7CE5000887076 /* Project object */;
			proxyType = 1;
			remoteGlobalIDString = B38C52C529A7CE5000887076;
			remoteInfo = Challenge;
		};
/* End PBXContainerItemProxy section */

/* Begin PBXFileReference section */
		B38C52C629A7CE5000887076 /* Challenge.app */ = {isa = PBXFileReference; explicitFileType = wrapper.application; includeInIndex = 0; path = Challenge.app; sourceTree = BUILT_PRODUCTS_DIR; };
		B38C52C929A7CE5000887076 /* AppDelegate.swift */ = {isa = PBXFileReference; lastKnownFileType = sourcecode.swift; path = AppDelegate.swift; sourceTree = "<group>"; };
		B38C52CB29A7CE5000887076 /* SceneDelegate.swift */ = {isa = PBXFileReference; lastKnownFileType = sourcecode.swift; path = SceneDelegate.swift; sourceTree = "<group>"; };
		B38C52CD29A7CE5000887076 /* HomeMenuViewController.swift */ = {isa = PBXFileReference; lastKnownFileType = sourcecode.swift; path = HomeMenuViewController.swift; sourceTree = "<group>"; };
		B38C52D229A7CE5000887076 /* Assets.xcassets */ = {isa = PBXFileReference; lastKnownFileType = folder.assetcatalog; path = Assets.xcassets; sourceTree = "<group>"; };
		B38C52D529A7CE5000887076 /* Base */ = {isa = PBXFileReference; lastKnownFileType = file.storyboard; name = Base; path = Base.lproj/LaunchScreen.storyboard; sourceTree = "<group>"; };
		B38C52D729A7CE5000887076 /* Info.plist */ = {isa = PBXFileReference; lastKnownFileType = text.plist.xml; path = Info.plist; sourceTree = "<group>"; };
		B38C52DC29A7CE5100887076 /* ChallengeTests.xctest */ = {isa = PBXFileReference; explicitFileType = wrapper.cfbundle; includeInIndex = 0; path = ChallengeTests.xctest; sourceTree = BUILT_PRODUCTS_DIR; };
		B38C52E029A7CE5100887076 /* ChallengeTests.swift */ = {isa = PBXFileReference; lastKnownFileType = sourcecode.swift; path = ChallengeTests.swift; sourceTree = "<group>"; };
		B38C531829A7DD8300887076 /* Coordinator.swift */ = {isa = PBXFileReference; lastKnownFileType = sourcecode.swift; path = Coordinator.swift; sourceTree = "<group>"; };
		B38C531A29A7DDE300887076 /* AppCoordinator.swift */ = {isa = PBXFileReference; lastKnownFileType = sourcecode.swift; path = AppCoordinator.swift; sourceTree = "<group>"; };
		B38C531C29A7DFAA00887076 /* AppFactory.swift */ = {isa = PBXFileReference; lastKnownFileType = sourcecode.swift; path = AppFactory.swift; sourceTree = "<group>"; };
/* End PBXFileReference section */

/* Begin PBXFrameworksBuildPhase section */
		B38C52C329A7CE5000887076 /* Frameworks */ = {
			isa = PBXFrameworksBuildPhase;
			buildActionMask = 2147483647;
			files = (
			);
			runOnlyForDeploymentPostprocessing = 0;
		};
		B38C52D929A7CE5100887076 /* Frameworks */ = {
			isa = PBXFrameworksBuildPhase;
			buildActionMask = 2147483647;
			files = (
			);
			runOnlyForDeploymentPostprocessing = 0;
		};
/* End PBXFrameworksBuildPhase section */

/* Begin PBXGroup section */
		B38C52BD29A7CE5000887076 = {
			isa = PBXGroup;
			children = (
				B38C52C829A7CE5000887076 /* Challenge */,
				B38C52DF29A7CE5100887076 /* ChallengeTests */,
				B38C52C729A7CE5000887076 /* Products */,
			);
			sourceTree = "<group>";
		};
		B38C52C729A7CE5000887076 /* Products */ = {
			isa = PBXGroup;
			children = (
				B38C52C629A7CE5000887076 /* Challenge.app */,
				B38C52DC29A7CE5100887076 /* ChallengeTests.xctest */,
			);
			name = Products;
			sourceTree = "<group>";
		};
		B38C52C829A7CE5000887076 /* Challenge */ = {
			isa = PBXGroup;
			children = (
				B38C52F929A7CFDF00887076 /* App */,
				B38C52D729A7CE5000887076 /* Info.plist */,
			);
			path = Challenge;
			sourceTree = "<group>";
		};
		B38C52DF29A7CE5100887076 /* ChallengeTests */ = {
			isa = PBXGroup;
			children = (
				B38C52E029A7CE5100887076 /* ChallengeTests.swift */,
			);
			path = ChallengeTests;
			sourceTree = "<group>";
		};
		B38C52F929A7CFDF00887076 /* App */ = {
			isa = PBXGroup;
			children = (
				B38C52FF29A7D06300887076 /* Storage */,
				B38C52FE29A7D04E00887076 /* Resources */,
				B38C52FD29A7D03900887076 /* Networking */,
				B38C52FC29A7D01E00887076 /* Common */,
				B38C52FB29A7CFFC00887076 /* ScreenModule */,
				B38C52FA29A7CFE500887076 /* CompositionRoot */,
			);
			path = App;
			sourceTree = "<group>";
		};
		B38C52FA29A7CFE500887076 /* CompositionRoot */ = {
			isa = PBXGroup;
			children = (
				B38C531729A7D44F00887076 /* System */,
				B38C531529A7D33900887076 /* DIContainer */,
				B38C531429A7D32800887076 /* Factories */,
				B38C531129A7D2DE00887076 /* Coordinator */,
			);
			path = CompositionRoot;
			sourceTree = "<group>";
		};
		B38C52FB29A7CFFC00887076 /* ScreenModule */ = {
			isa = PBXGroup;
			children = (
				B38C531629A7D36F00887076 /* LaunchScreen */,
				B38C530529A7D0F400887076 /* Origin */,
				B38C530429A7D0E300887076 /* Episodes */,
				B38C530329A7D0D500887076 /* Locations */,
				B38C530629A7D10700887076 /* LocationDetail */,
				B38C530129A7D0AE00887076 /* Characters */,
				B38C530229A7D0C200887076 /* CharacterDetail */,
				B38C530029A7D07900887076 /* HomeMenu */,
			);
			path = ScreenModule;
			sourceTree = "<group>";
		};
		B38C52FC29A7D01E00887076 /* Common */ = {
			isa = PBXGroup;
			children = (
				B38C531029A7D29D00887076 /* Localize */,
				B38C530F29A7D28600887076 /* StateController */,
				B38C530E29A7D27900887076 /* Utils */,
				B38C530A29A7D21500887076 /* Layer */,
				B38C530929A7D20300887076 /* Components */,
				B38C530829A7D1B900887076 /* Constants */,
				B38C530729A7D19E00887076 /* Extensions */,
			);
			path = Common;
			sourceTree = "<group>";
		};
		B38C52FD29A7D03900887076 /* Networking */ = {
			isa = PBXGroup;
			children = (
			);
			path = Networking;
			sourceTree = "<group>";
		};
		B38C52FE29A7D04E00887076 /* Resources */ = {
			isa = PBXGroup;
			children = (
				B38C52D229A7CE5000887076 /* Assets.xcassets */,
			);
			path = Resources;
			sourceTree = "<group>";
		};
		B38C52FF29A7D06300887076 /* Storage */ = {
			isa = PBXGroup;
			children = (
			);
			path = Storage;
			sourceTree = "<group>";
		};
		B38C530029A7D07900887076 /* HomeMenu */ = {
			isa = PBXGroup;
			children = (
				B38C52CD29A7CE5000887076 /* HomeMenuViewController.swift */,
			);
			path = HomeMenu;
			sourceTree = "<group>";
		};
		B38C530129A7D0AE00887076 /* Characters */ = {
			isa = PBXGroup;
			children = (
			);
			path = Characters;
			sourceTree = "<group>";
		};
		B38C530229A7D0C200887076 /* CharacterDetail */ = {
			isa = PBXGroup;
			children = (
			);
			path = CharacterDetail;
			sourceTree = "<group>";
		};
		B38C530329A7D0D500887076 /* Locations */ = {
			isa = PBXGroup;
			children = (
			);
			path = Locations;
			sourceTree = "<group>";
		};
		B38C530429A7D0E300887076 /* Episodes */ = {
			isa = PBXGroup;
			children = (
			);
			path = Episodes;
			sourceTree = "<group>";
		};
		B38C530529A7D0F400887076 /* Origin */ = {
			isa = PBXGroup;
			children = (
			);
			path = Origin;
			sourceTree = "<group>";
		};
		B38C530629A7D10700887076 /* LocationDetail */ = {
			isa = PBXGroup;
			children = (
			);
			path = LocationDetail;
			sourceTree = "<group>";
		};
		B38C530729A7D19E00887076 /* Extensions */ = {
			isa = PBXGroup;
			children = (
			);
			path = Extensions;
			sourceTree = "<group>";
		};
		B38C530829A7D1B900887076 /* Constants */ = {
			isa = PBXGroup;
			children = (
			);
			path = Constants;
			sourceTree = "<group>";
		};
		B38C530929A7D20300887076 /* Components */ = {
			isa = PBXGroup;
			children = (
			);
			path = Components;
			sourceTree = "<group>";
		};
		B38C530A29A7D21500887076 /* Layer */ = {
			isa = PBXGroup;
			children = (
				B38C530D29A7D24400887076 /* Presentation */,
				B38C530C29A7D23100887076 /* Domain */,
				B38C530B29A7D22500887076 /* Data */,
			);
			path = Layer;
			sourceTree = "<group>";
		};
		B38C530B29A7D22500887076 /* Data */ = {
			isa = PBXGroup;
			children = (
			);
			path = Data;
			sourceTree = "<group>";
		};
		B38C530C29A7D23100887076 /* Domain */ = {
			isa = PBXGroup;
			children = (
			);
			path = Domain;
			sourceTree = "<group>";
		};
		B38C530D29A7D24400887076 /* Presentation */ = {
			isa = PBXGroup;
			children = (
			);
			path = Presentation;
			sourceTree = "<group>";
		};
		B38C530E29A7D27900887076 /* Utils */ = {
			isa = PBXGroup;
			children = (
			);
			path = Utils;
			sourceTree = "<group>";
		};
		B38C530F29A7D28600887076 /* StateController */ = {
			isa = PBXGroup;
			children = (
			);
			path = StateController;
			sourceTree = "<group>";
		};
		B38C531029A7D29D00887076 /* Localize */ = {
			isa = PBXGroup;
			children = (
			);
			path = Localize;
			sourceTree = "<group>";
		};
		B38C531129A7D2DE00887076 /* Coordinator */ = {
			isa = PBXGroup;
			children = (
				B38C531829A7DD8300887076 /* Coordinator.swift */,
				B38C531329A7D30700887076 /* CoordinatorScreen */,
				B38C531229A7D30100887076 /* Utils */,
				B38C531A29A7DDE300887076 /* AppCoordinator.swift */,
			);
			path = Coordinator;
			sourceTree = "<group>";
		};
		B38C531229A7D30100887076 /* Utils */ = {
			isa = PBXGroup;
			children = (
			);
			path = Utils;
			sourceTree = "<group>";
		};
		B38C531329A7D30700887076 /* CoordinatorScreen */ = {
			isa = PBXGroup;
			children = (
			);
			path = CoordinatorScreen;
			sourceTree = "<group>";
		};
		B38C531429A7D32800887076 /* Factories */ = {
			isa = PBXGroup;
			children = (
				B38C531C29A7DFAA00887076 /* AppFactory.swift */,
			);
			path = Factories;
			sourceTree = "<group>";
		};
		B38C531529A7D33900887076 /* DIContainer */ = {
			isa = PBXGroup;
			children = (
			);
			path = DIContainer;
			sourceTree = "<group>";
		};
		B38C531629A7D36F00887076 /* LaunchScreen */ = {
			isa = PBXGroup;
			children = (
				B38C52D429A7CE5000887076 /* LaunchScreen.storyboard */,
			);
			path = LaunchScreen;
			sourceTree = "<group>";
		};
		B38C531729A7D44F00887076 /* System */ = {
			isa = PBXGroup;
			children = (
				B38C52C929A7CE5000887076 /* AppDelegate.swift */,
				B38C52CB29A7CE5000887076 /* SceneDelegate.swift */,
			);
			path = System;
			sourceTree = "<group>";
		};
/* End PBXGroup section */

/* Begin PBXNativeTarget section */
		B38C52C529A7CE5000887076 /* Challenge */ = {
			isa = PBXNativeTarget;
			buildConfigurationList = B38C52F029A7CE5100887076 /* Build configuration list for PBXNativeTarget "Challenge" */;
			buildPhases = (
				B38C52C229A7CE5000887076 /* Sources */,
				B38C52C329A7CE5000887076 /* Frameworks */,
				B38C52C429A7CE5000887076 /* Resources */,
			);
			buildRules = (
			);
			dependencies = (
			);
			name = Challenge;
			productName = Challenge;
			productReference = B38C52C629A7CE5000887076 /* Challenge.app */;
			productType = "com.apple.product-type.application";
		};
		B38C52DB29A7CE5100887076 /* ChallengeTests */ = {
			isa = PBXNativeTarget;
			buildConfigurationList = B38C52F329A7CE5100887076 /* Build configuration list for PBXNativeTarget "ChallengeTests" */;
			buildPhases = (
				B38C52D829A7CE5100887076 /* Sources */,
				B38C52D929A7CE5100887076 /* Frameworks */,
				B38C52DA29A7CE5100887076 /* Resources */,
			);
			buildRules = (
			);
			dependencies = (
				B38C52DE29A7CE5100887076 /* PBXTargetDependency */,
			);
			name = ChallengeTests;
			productName = ChallengeTests;
			productReference = B38C52DC29A7CE5100887076 /* ChallengeTests.xctest */;
			productType = "com.apple.product-type.bundle.unit-test";
		};
/* End PBXNativeTarget section */

/* Begin PBXProject section */
		B38C52BE29A7CE5000887076 /* Project object */ = {
			isa = PBXProject;
			attributes = {
				BuildIndependentTargetsInParallel = 1;
				LastSwiftUpdateCheck = 1420;
				LastUpgradeCheck = 1420;
				TargetAttributes = {
					B38C52C529A7CE5000887076 = {
						CreatedOnToolsVersion = 14.2;
					};
					B38C52DB29A7CE5100887076 = {
						CreatedOnToolsVersion = 14.2;
						TestTargetID = B38C52C529A7CE5000887076;
					};
				};
			};
			buildConfigurationList = B38C52C129A7CE5000887076 /* Build configuration list for PBXProject "Challenge" */;
			compatibilityVersion = "Xcode 14.0";
			developmentRegion = en;
			hasScannedForEncodings = 0;
			knownRegions = (
				en,
				Base,
			);
			mainGroup = B38C52BD29A7CE5000887076;
			productRefGroup = B38C52C729A7CE5000887076 /* Products */;
			projectDirPath = "";
			projectRoot = "";
			targets = (
				B38C52C529A7CE5000887076 /* Challenge */,
				B38C52DB29A7CE5100887076 /* ChallengeTests */,
			);
		};
/* End PBXProject section */

/* Begin PBXResourcesBuildPhase section */
		B38C52C429A7CE5000887076 /* Resources */ = {
			isa = PBXResourcesBuildPhase;
			buildActionMask = 2147483647;
			files = (
				B38C52D629A7CE5000887076 /* LaunchScreen.storyboard in Resources */,
				B38C52D329A7CE5000887076 /* Assets.xcassets in Resources */,
			);
			runOnlyForDeploymentPostprocessing = 0;
		};
		B38C52DA29A7CE5100887076 /* Resources */ = {
			isa = PBXResourcesBuildPhase;
			buildActionMask = 2147483647;
			files = (
			);
			runOnlyForDeploymentPostprocessing = 0;
		};
/* End PBXResourcesBuildPhase section */

/* Begin PBXSourcesBuildPhase section */
		B38C52C229A7CE5000887076 /* Sources */ = {
			isa = PBXSourcesBuildPhase;
			buildActionMask = 2147483647;
			files = (
				B38C531D29A7DFAA00887076 /* AppFactory.swift in Sources */,
				B38C531929A7DD8300887076 /* Coordinator.swift in Sources */,
				B38C52CE29A7CE5000887076 /* HomeMenuViewController.swift in Sources */,
				B38C531B29A7DDE300887076 /* AppCoordinator.swift in Sources */,
				B38C52CA29A7CE5000887076 /* AppDelegate.swift in Sources */,
				B38C52CC29A7CE5000887076 /* SceneDelegate.swift in Sources */,
			);
			runOnlyForDeploymentPostprocessing = 0;
		};
		B38C52D829A7CE5100887076 /* Sources */ = {
			isa = PBXSourcesBuildPhase;
			buildActionMask = 2147483647;
			files = (
				B38C52E129A7CE5100887076 /* ChallengeTests.swift in Sources */,
			);
			runOnlyForDeploymentPostprocessing = 0;
		};
/* End PBXSourcesBuildPhase section */

/* Begin PBXTargetDependency section */
		B38C52DE29A7CE5100887076 /* PBXTargetDependency */ = {
			isa = PBXTargetDependency;
			target = B38C52C529A7CE5000887076 /* Challenge */;
			targetProxy = B38C52DD29A7CE5100887076 /* PBXContainerItemProxy */;
		};
/* End PBXTargetDependency section */

/* Begin PBXVariantGroup section */
		B38C52D429A7CE5000887076 /* LaunchScreen.storyboard */ = {
			isa = PBXVariantGroup;
			children = (
				B38C52D529A7CE5000887076 /* Base */,
			);
			name = LaunchScreen.storyboard;
			sourceTree = "<group>";
		};
/* End PBXVariantGroup section */

/* Begin XCBuildConfiguration section */
		B38C52EE29A7CE5100887076 /* Debug */ = {
			isa = XCBuildConfiguration;
			buildSettings = {
				ALWAYS_SEARCH_USER_PATHS = NO;
				CLANG_ANALYZER_NONNULL = YES;
				CLANG_ANALYZER_NUMBER_OBJECT_CONVERSION = YES_AGGRESSIVE;
				CLANG_CXX_LANGUAGE_STANDARD = "gnu++20";
				CLANG_ENABLE_MODULES = YES;
				CLANG_ENABLE_OBJC_ARC = YES;
				CLANG_ENABLE_OBJC_WEAK = YES;
				CLANG_WARN_BLOCK_CAPTURE_AUTORELEASING = YES;
				CLANG_WARN_BOOL_CONVERSION = YES;
				CLANG_WARN_COMMA = YES;
				CLANG_WARN_CONSTANT_CONVERSION = YES;
				CLANG_WARN_DEPRECATED_OBJC_IMPLEMENTATIONS = YES;
				CLANG_WARN_DIRECT_OBJC_ISA_USAGE = YES_ERROR;
				CLANG_WARN_DOCUMENTATION_COMMENTS = YES;
				CLANG_WARN_EMPTY_BODY = YES;
				CLANG_WARN_ENUM_CONVERSION = YES;
				CLANG_WARN_INFINITE_RECURSION = YES;
				CLANG_WARN_INT_CONVERSION = YES;
				CLANG_WARN_NON_LITERAL_NULL_CONVERSION = YES;
				CLANG_WARN_OBJC_IMPLICIT_RETAIN_SELF = YES;
				CLANG_WARN_OBJC_LITERAL_CONVERSION = YES;
				CLANG_WARN_OBJC_ROOT_CLASS = YES_ERROR;
				CLANG_WARN_QUOTED_INCLUDE_IN_FRAMEWORK_HEADER = YES;
				CLANG_WARN_RANGE_LOOP_ANALYSIS = YES;
				CLANG_WARN_STRICT_PROTOTYPES = YES;
				CLANG_WARN_SUSPICIOUS_MOVE = YES;
				CLANG_WARN_UNGUARDED_AVAILABILITY = YES_AGGRESSIVE;
				CLANG_WARN_UNREACHABLE_CODE = YES;
				CLANG_WARN__DUPLICATE_METHOD_MATCH = YES;
				COPY_PHASE_STRIP = NO;
				DEBUG_INFORMATION_FORMAT = dwarf;
				ENABLE_STRICT_OBJC_MSGSEND = YES;
				ENABLE_TESTABILITY = YES;
				GCC_C_LANGUAGE_STANDARD = gnu11;
				GCC_DYNAMIC_NO_PIC = NO;
				GCC_NO_COMMON_BLOCKS = YES;
				GCC_OPTIMIZATION_LEVEL = 0;
				GCC_PREPROCESSOR_DEFINITIONS = (
					"DEBUG=1",
					"$(inherited)",
				);
				GCC_WARN_64_TO_32_BIT_CONVERSION = YES;
				GCC_WARN_ABOUT_RETURN_TYPE = YES_ERROR;
				GCC_WARN_UNDECLARED_SELECTOR = YES;
				GCC_WARN_UNINITIALIZED_AUTOS = YES_AGGRESSIVE;
				GCC_WARN_UNUSED_FUNCTION = YES;
				GCC_WARN_UNUSED_VARIABLE = YES;
				IPHONEOS_DEPLOYMENT_TARGET = 16.2;
				MTL_ENABLE_DEBUG_INFO = INCLUDE_SOURCE;
				MTL_FAST_MATH = YES;
				ONLY_ACTIVE_ARCH = YES;
				SDKROOT = iphoneos;
				SWIFT_ACTIVE_COMPILATION_CONDITIONS = DEBUG;
				SWIFT_OPTIMIZATION_LEVEL = "-Onone";
			};
			name = Debug;
		};
		B38C52EF29A7CE5100887076 /* Release */ = {
			isa = XCBuildConfiguration;
			buildSettings = {
				ALWAYS_SEARCH_USER_PATHS = NO;
				CLANG_ANALYZER_NONNULL = YES;
				CLANG_ANALYZER_NUMBER_OBJECT_CONVERSION = YES_AGGRESSIVE;
				CLANG_CXX_LANGUAGE_STANDARD = "gnu++20";
				CLANG_ENABLE_MODULES = YES;
				CLANG_ENABLE_OBJC_ARC = YES;
				CLANG_ENABLE_OBJC_WEAK = YES;
				CLANG_WARN_BLOCK_CAPTURE_AUTORELEASING = YES;
				CLANG_WARN_BOOL_CONVERSION = YES;
				CLANG_WARN_COMMA = YES;
				CLANG_WARN_CONSTANT_CONVERSION = YES;
				CLANG_WARN_DEPRECATED_OBJC_IMPLEMENTATIONS = YES;
				CLANG_WARN_DIRECT_OBJC_ISA_USAGE = YES_ERROR;
				CLANG_WARN_DOCUMENTATION_COMMENTS = YES;
				CLANG_WARN_EMPTY_BODY = YES;
				CLANG_WARN_ENUM_CONVERSION = YES;
				CLANG_WARN_INFINITE_RECURSION = YES;
				CLANG_WARN_INT_CONVERSION = YES;
				CLANG_WARN_NON_LITERAL_NULL_CONVERSION = YES;
				CLANG_WARN_OBJC_IMPLICIT_RETAIN_SELF = YES;
				CLANG_WARN_OBJC_LITERAL_CONVERSION = YES;
				CLANG_WARN_OBJC_ROOT_CLASS = YES_ERROR;
				CLANG_WARN_QUOTED_INCLUDE_IN_FRAMEWORK_HEADER = YES;
				CLANG_WARN_RANGE_LOOP_ANALYSIS = YES;
				CLANG_WARN_STRICT_PROTOTYPES = YES;
				CLANG_WARN_SUSPICIOUS_MOVE = YES;
				CLANG_WARN_UNGUARDED_AVAILABILITY = YES_AGGRESSIVE;
				CLANG_WARN_UNREACHABLE_CODE = YES;
				CLANG_WARN__DUPLICATE_METHOD_MATCH = YES;
				COPY_PHASE_STRIP = NO;
				DEBUG_INFORMATION_FORMAT = "dwarf-with-dsym";
				ENABLE_NS_ASSERTIONS = NO;
				ENABLE_STRICT_OBJC_MSGSEND = YES;
				GCC_C_LANGUAGE_STANDARD = gnu11;
				GCC_NO_COMMON_BLOCKS = YES;
				GCC_WARN_64_TO_32_BIT_CONVERSION = YES;
				GCC_WARN_ABOUT_RETURN_TYPE = YES_ERROR;
				GCC_WARN_UNDECLARED_SELECTOR = YES;
				GCC_WARN_UNINITIALIZED_AUTOS = YES_AGGRESSIVE;
				GCC_WARN_UNUSED_FUNCTION = YES;
				GCC_WARN_UNUSED_VARIABLE = YES;
				IPHONEOS_DEPLOYMENT_TARGET = 16.2;
				MTL_ENABLE_DEBUG_INFO = NO;
				MTL_FAST_MATH = YES;
				SDKROOT = iphoneos;
				SWIFT_COMPILATION_MODE = wholemodule;
				SWIFT_OPTIMIZATION_LEVEL = "-O";
				VALIDATE_PRODUCT = YES;
			};
			name = Release;
		};
		B38C52F129A7CE5100887076 /* Debug */ = {
			isa = XCBuildConfiguration;
			buildSettings = {
				ASSETCATALOG_COMPILER_APPICON_NAME = AppIcon;
				ASSETCATALOG_COMPILER_GLOBAL_ACCENT_COLOR_NAME = AccentColor;
				CODE_SIGN_STYLE = Automatic;
				CURRENT_PROJECT_VERSION = 1;
				DEVELOPMENT_TEAM = KZ7KQ2PBS3;
				GENERATE_INFOPLIST_FILE = YES;
				INFOPLIST_FILE = Challenge/Info.plist;
				INFOPLIST_KEY_UIApplicationSupportsIndirectInputEvents = YES;
				INFOPLIST_KEY_UILaunchStoryboardName = LaunchScreen;
				INFOPLIST_KEY_UIMainStoryboardFile = "";
				INFOPLIST_KEY_UISupportedInterfaceOrientations = UIInterfaceOrientationPortrait;
				IPHONEOS_DEPLOYMENT_TARGET = 14.0;
				LD_RUNPATH_SEARCH_PATHS = (
					"$(inherited)",
					"@executable_path/Frameworks",
				);
				MARKETING_VERSION = 1.0;
				PRODUCT_BUNDLE_IDENTIFIER = com.Challenge;
				PRODUCT_NAME = "$(TARGET_NAME)";
				SWIFT_EMIT_LOC_STRINGS = YES;
				SWIFT_VERSION = 5.0;
				TARGETED_DEVICE_FAMILY = "1,2";
			};
			name = Debug;
		};
		B38C52F229A7CE5100887076 /* Release */ = {
			isa = XCBuildConfiguration;
			buildSettings = {
				ASSETCATALOG_COMPILER_APPICON_NAME = AppIcon;
				ASSETCATALOG_COMPILER_GLOBAL_ACCENT_COLOR_NAME = AccentColor;
				CODE_SIGN_STYLE = Automatic;
				CURRENT_PROJECT_VERSION = 1;
				DEVELOPMENT_TEAM = KZ7KQ2PBS3;
				GENERATE_INFOPLIST_FILE = YES;
				INFOPLIST_FILE = Challenge/Info.plist;
				INFOPLIST_KEY_UIApplicationSupportsIndirectInputEvents = YES;
				INFOPLIST_KEY_UILaunchStoryboardName = LaunchScreen;
				INFOPLIST_KEY_UIMainStoryboardFile = "";
				INFOPLIST_KEY_UISupportedInterfaceOrientations = UIInterfaceOrientationPortrait;
				IPHONEOS_DEPLOYMENT_TARGET = 14.0;
				LD_RUNPATH_SEARCH_PATHS = (
					"$(inherited)",
					"@executable_path/Frameworks",
				);
				MARKETING_VERSION = 1.0;
				PRODUCT_BUNDLE_IDENTIFIER = com.Challenge;
				PRODUCT_NAME = "$(TARGET_NAME)";
				SWIFT_EMIT_LOC_STRINGS = YES;
				SWIFT_VERSION = 5.0;
				TARGETED_DEVICE_FAMILY = "1,2";
			};
			name = Release;
		};
		B38C52F429A7CE5100887076 /* Debug */ = {
			isa = XCBuildConfiguration;
			buildSettings = {
				ALWAYS_EMBED_SWIFT_STANDARD_LIBRARIES = YES;
				BUNDLE_LOADER = "$(TEST_HOST)";
				CODE_SIGN_STYLE = Automatic;
				CURRENT_PROJECT_VERSION = 1;
				DEVELOPMENT_TEAM = KZ7KQ2PBS3;
				GENERATE_INFOPLIST_FILE = YES;
				IPHONEOS_DEPLOYMENT_TARGET = 16.2;
				MARKETING_VERSION = 1.0;
				PRODUCT_BUNDLE_IDENTIFIER = com.ChallengeTests;
				PRODUCT_NAME = "$(TARGET_NAME)";
				SWIFT_EMIT_LOC_STRINGS = NO;
				SWIFT_VERSION = 5.0;
				TARGETED_DEVICE_FAMILY = "1,2";
				TEST_HOST = "$(BUILT_PRODUCTS_DIR)/Challenge.app/$(BUNDLE_EXECUTABLE_FOLDER_PATH)/Challenge";
			};
			name = Debug;
		};
		B38C52F529A7CE5100887076 /* Release */ = {
			isa = XCBuildConfiguration;
			buildSettings = {
				ALWAYS_EMBED_SWIFT_STANDARD_LIBRARIES = YES;
				BUNDLE_LOADER = "$(TEST_HOST)";
				CODE_SIGN_STYLE = Automatic;
				CURRENT_PROJECT_VERSION = 1;
				DEVELOPMENT_TEAM = KZ7KQ2PBS3;
				GENERATE_INFOPLIST_FILE = YES;
				IPHONEOS_DEPLOYMENT_TARGET = 16.2;
				MARKETING_VERSION = 1.0;
				PRODUCT_BUNDLE_IDENTIFIER = com.ChallengeTests;
				PRODUCT_NAME = "$(TARGET_NAME)";
				SWIFT_EMIT_LOC_STRINGS = NO;
				SWIFT_VERSION = 5.0;
				TARGETED_DEVICE_FAMILY = "1,2";
				TEST_HOST = "$(BUILT_PRODUCTS_DIR)/Challenge.app/$(BUNDLE_EXECUTABLE_FOLDER_PATH)/Challenge";
			};
			name = Release;
		};
/* End XCBuildConfiguration section */

/* Begin XCConfigurationList section */
		B38C52C129A7CE5000887076 /* Build configuration list for PBXProject "Challenge" */ = {
			isa = XCConfigurationList;
			buildConfigurations = (
				B38C52EE29A7CE5100887076 /* Debug */,
				B38C52EF29A7CE5100887076 /* Release */,
			);
			defaultConfigurationIsVisible = 0;
			defaultConfigurationName = Release;
		};
		B38C52F029A7CE5100887076 /* Build configuration list for PBXNativeTarget "Challenge" */ = {
			isa = XCConfigurationList;
			buildConfigurations = (
				B38C52F129A7CE5100887076 /* Debug */,
				B38C52F229A7CE5100887076 /* Release */,
			);
			defaultConfigurationIsVisible = 0;
			defaultConfigurationName = Release;
		};
		B38C52F329A7CE5100887076 /* Build configuration list for PBXNativeTarget "ChallengeTests" */ = {
			isa = XCConfigurationList;
			buildConfigurations = (
				B38C52F429A7CE5100887076 /* Debug */,
				B38C52F529A7CE5100887076 /* Release */,
			);
			defaultConfigurationIsVisible = 0;
			defaultConfigurationName = Release;
		};
/* End XCConfigurationList section */
	};
	rootObject = B38C52BE29A7CE5000887076 /* Project object */;
}
