// !$*UTF8*$!
{
	archiveVersion = 1;
	classes = {
	};
	objectVersion = 56;
	objects = {

/* Begin PBXBuildFile section */
		B31976CD29AA4B69001DA671 /* ApiClientService.swift in Sources */ = {isa = PBXBuildFile; fileRef = B31976CC29AA4B69001DA671 /* ApiClientService.swift */; };
		B31976D029AA4CBC001DA671 /* ApiClientServiceImp.swift in Sources */ = {isa = PBXBuildFile; fileRef = B31976CF29AA4CBC001DA671 /* ApiClientServiceImp.swift */; };
		B31976D329AA4E05001DA671 /* ApiError.swift in Sources */ = {isa = PBXBuildFile; fileRef = B31976D229AA4E05001DA671 /* ApiError.swift */; };
		B31976D629AA563F001DA671 /* HttpResponseStatus.swift in Sources */ = {isa = PBXBuildFile; fileRef = B31976D529AA563F001DA671 /* HttpResponseStatus.swift */; };
		B31976D929AA5BD8001DA671 /* MenuDTO.swift in Sources */ = {isa = PBXBuildFile; fileRef = B31976D829AA5BD8001DA671 /* MenuDTO.swift */; };
		B31976DB29AA5D02001DA671 /* MenuDTO+Mapper.swift in Sources */ = {isa = PBXBuildFile; fileRef = B31976DA29AA5D02001DA671 /* MenuDTO+Mapper.swift */; };
		B31976DD29AA5DD2001DA671 /* PropertyIterator.swift in Sources */ = {isa = PBXBuildFile; fileRef = B31976DC29AA5DD2001DA671 /* PropertyIterator.swift */; };
		B31976DF29AA7757001DA671 /* Endpoint.swift in Sources */ = {isa = PBXBuildFile; fileRef = B31976DE29AA7757001DA671 /* Endpoint.swift */; };
		B31976E229AAB427001DA671 /* SpinnerDisplayable.swift in Sources */ = {isa = PBXBuildFile; fileRef = B31976E129AAB427001DA671 /* SpinnerDisplayable.swift */; };
		B38C259629B23A1A00C782AC /* CharacterFactory.swift in Sources */ = {isa = PBXBuildFile; fileRef = B38C259529B23A1A00C782AC /* CharacterFactory.swift */; };
		B38C259929B26A9200C782AC /* CharacterViewController.swift in Sources */ = {isa = PBXBuildFile; fileRef = B38C259829B26A9200C782AC /* CharacterViewController.swift */; };
		B38C259B29B26F2500C782AC /* CharacterCoordinator.swift in Sources */ = {isa = PBXBuildFile; fileRef = B38C259A29B26F2500C782AC /* CharacterCoordinator.swift */; };
		B38C52CA29A7CE5000887076 /* AppDelegate.swift in Sources */ = {isa = PBXBuildFile; fileRef = B38C52C929A7CE5000887076 /* AppDelegate.swift */; };
		B38C52CC29A7CE5000887076 /* SceneDelegate.swift in Sources */ = {isa = PBXBuildFile; fileRef = B38C52CB29A7CE5000887076 /* SceneDelegate.swift */; };
		B38C52CE29A7CE5000887076 /* HomeMenuViewController.swift in Sources */ = {isa = PBXBuildFile; fileRef = B38C52CD29A7CE5000887076 /* HomeMenuViewController.swift */; };
		B38C52D329A7CE5000887076 /* Assets.xcassets in Resources */ = {isa = PBXBuildFile; fileRef = B38C52D229A7CE5000887076 /* Assets.xcassets */; };
		B38C52D629A7CE5000887076 /* LaunchScreen.storyboard in Resources */ = {isa = PBXBuildFile; fileRef = B38C52D429A7CE5000887076 /* LaunchScreen.storyboard */; };
		B38C52E129A7CE5100887076 /* ChallengeTests.swift in Sources */ = {isa = PBXBuildFile; fileRef = B38C52E029A7CE5100887076 /* ChallengeTests.swift */; };
		B38C531929A7DD8300887076 /* Coordinator.swift in Sources */ = {isa = PBXBuildFile; fileRef = B38C531829A7DD8300887076 /* Coordinator.swift */; };
		B38C531B29A7DDE300887076 /* AppCoordinator.swift in Sources */ = {isa = PBXBuildFile; fileRef = B38C531A29A7DDE300887076 /* AppCoordinator.swift */; };
		B38C531D29A7DFAA00887076 /* AppFactory.swift in Sources */ = {isa = PBXBuildFile; fileRef = B38C531C29A7DFAA00887076 /* AppFactory.swift */; };
		B38C531F29A7E6E500887076 /* HomeCoordinator.swift in Sources */ = {isa = PBXBuildFile; fileRef = B38C531E29A7E6E500887076 /* HomeCoordinator.swift */; };
		B38C532129A7E76800887076 /* HomeFactory.swift in Sources */ = {isa = PBXBuildFile; fileRef = B38C532029A7E76800887076 /* HomeFactory.swift */; };
		B3C9F81629B8BEF60038DA6D /* LastPageValidationUseCase.swift in Sources */ = {isa = PBXBuildFile; fileRef = B3C9F81529B8BEF60038DA6D /* LastPageValidationUseCase.swift */; };
		B3C9F81829B900550038DA6D /* RemoteImageDataService.swift in Sources */ = {isa = PBXBuildFile; fileRef = B3C9F81729B900550038DA6D /* RemoteImageDataService.swift */; };
		B3C9F81A29B901020038DA6D /* ApiClientServiceImp+RemoteImageDataService.swift in Sources */ = {isa = PBXBuildFile; fileRef = B3C9F81929B901020038DA6D /* ApiClientServiceImp+RemoteImageDataService.swift */; };
		B3C9F81C29B902F10038DA6D /* LocalDataImageService.swift in Sources */ = {isa = PBXBuildFile; fileRef = B3C9F81B29B902F10038DA6D /* LocalDataImageService.swift */; };
		B3C9F81F29B906400038DA6D /* ImageDataRepository.swift in Sources */ = {isa = PBXBuildFile; fileRef = B3C9F81E29B906400038DA6D /* ImageDataRepository.swift */; };
		B3C9F82229B907670038DA6D /* ImageRepositoryImp.swift in Sources */ = {isa = PBXBuildFile; fileRef = B3C9F82129B907670038DA6D /* ImageRepositoryImp.swift */; };
		B3C9F82529B9095E0038DA6D /* ImageDataUseCase.swift in Sources */ = {isa = PBXBuildFile; fileRef = B3C9F82429B9095E0038DA6D /* ImageDataUseCase.swift */; };
		B3C9F82729B90F710038DA6D /* AppContainer.swift in Sources */ = {isa = PBXBuildFile; fileRef = B3C9F82629B90F710038DA6D /* AppContainer.swift */; };
		B3C9F82929B919080038DA6D /* UIImageView+Utils.swift in Sources */ = {isa = PBXBuildFile; fileRef = B3C9F82829B919080038DA6D /* UIImageView+Utils.swift */; };
		B3C9F82E29B9220B0038DA6D /* CharacterDetailViewController.swift in Sources */ = {isa = PBXBuildFile; fileRef = B3C9F82D29B9220B0038DA6D /* CharacterDetailViewController.swift */; };
		B3C9F83029B9227C0038DA6D /* CharacterDetailCoordinator.swift in Sources */ = {isa = PBXBuildFile; fileRef = B3C9F82F29B9227C0038DA6D /* CharacterDetailCoordinator.swift */; };
		B3C9F83229B922E40038DA6D /* CharacterDetailFactory.swift in Sources */ = {isa = PBXBuildFile; fileRef = B3C9F83129B922E40038DA6D /* CharacterDetailFactory.swift */; };
		B3C9F97329A93569007B5919 /* ItemHomeMenuCell.swift in Sources */ = {isa = PBXBuildFile; fileRef = B3C9F97229A93569007B5919 /* ItemHomeMenuCell.swift */; };
		B3C9F97529A93798007B5919 /* UIView+Constraints.swift in Sources */ = {isa = PBXBuildFile; fileRef = B3C9F97429A93798007B5919 /* UIView+Constraints.swift */; };
		B3C9F97729A95EEC007B5919 /* Reusable.swift in Sources */ = {isa = PBXBuildFile; fileRef = B3C9F97629A95EEC007B5919 /* Reusable.swift */; };
		B3C9F97C29A96EA4007B5919 /* MenuRepository.swift in Sources */ = {isa = PBXBuildFile; fileRef = B3C9F97B29A96EA4007B5919 /* MenuRepository.swift */; };
		B3C9F98029A970A4007B5919 /* MenuEntity.swift in Sources */ = {isa = PBXBuildFile; fileRef = B3C9F97F29A970A4007B5919 /* MenuEntity.swift */; };
		B3C9F98329A971F9007B5919 /* MenuRepositoryImp.swift in Sources */ = {isa = PBXBuildFile; fileRef = B3C9F98229A971F9007B5919 /* MenuRepositoryImp.swift */; };
		B3C9F98629A973AA007B5919 /* LoadMenuUseCase.swift in Sources */ = {isa = PBXBuildFile; fileRef = B3C9F98529A973AA007B5919 /* LoadMenuUseCase.swift */; };
		B3C9F98A29A975D6007B5919 /* HomeMenuViewModel.swift in Sources */ = {isa = PBXBuildFile; fileRef = B3C9F98929A975D6007B5919 /* HomeMenuViewModel.swift */; };
		B3C9F98C29A97718007B5919 /* StateController.swift in Sources */ = {isa = PBXBuildFile; fileRef = B3C9F98B29A97718007B5919 /* StateController.swift */; };
		B3C9F98E29A9793C007B5919 /* ItemHomeMenuViewModel.swift in Sources */ = {isa = PBXBuildFile; fileRef = B3C9F98D29A9793C007B5919 /* ItemHomeMenuViewModel.swift */; };
		B3D43BD129B6332300F27FFA /* ItemCharacterTableViewCell.swift in Sources */ = {isa = PBXBuildFile; fileRef = B3D43BD029B6332300F27FFA /* ItemCharacterTableViewCell.swift */; };
		B3D43BD429B6643300F27FFA /* Character.swift in Sources */ = {isa = PBXBuildFile; fileRef = B3D43BD329B6643300F27FFA /* Character.swift */; };
		B3D43BD629B6647A00F27FFA /* StatusCharacter.swift in Sources */ = {isa = PBXBuildFile; fileRef = B3D43BD529B6647A00F27FFA /* StatusCharacter.swift */; };
		B3D43BD829B6656900F27FFA /* String+empty.swift in Sources */ = {isa = PBXBuildFile; fileRef = B3D43BD729B6656900F27FFA /* String+empty.swift */; };
		B3D43BDA29B668D800F27FFA /* Specie.swift in Sources */ = {isa = PBXBuildFile; fileRef = B3D43BD929B668D800F27FFA /* Specie.swift */; };
		B3D43BDC29B66C9500F27FFA /* Origin.swift in Sources */ = {isa = PBXBuildFile; fileRef = B3D43BDB29B66C9500F27FFA /* Origin.swift */; };
		B3D43BDE29B66D9900F27FFA /* Location.swift in Sources */ = {isa = PBXBuildFile; fileRef = B3D43BDD29B66D9900F27FFA /* Location.swift */; };
		B3D43BE229B66E8A00F27FFA /* ResultsCharactersDTO.swift in Sources */ = {isa = PBXBuildFile; fileRef = B3D43BE129B66E8A00F27FFA /* ResultsCharactersDTO.swift */; };
		B3D43BE429B66F0700F27FFA /* CharacterDTO.swift in Sources */ = {isa = PBXBuildFile; fileRef = B3D43BE329B66F0700F27FFA /* CharacterDTO.swift */; };
		B3D43BE729B6712800F27FFA /* OriginDTO.swift in Sources */ = {isa = PBXBuildFile; fileRef = B3D43BE629B6712800F27FFA /* OriginDTO.swift */; };
		B3D43BE929B6715B00F27FFA /* LocationDTO.swift in Sources */ = {isa = PBXBuildFile; fileRef = B3D43BE829B6715B00F27FFA /* LocationDTO.swift */; };
		B3D43BEB29B6719F00F27FFA /* InfoDTO.swift in Sources */ = {isa = PBXBuildFile; fileRef = B3D43BEA29B6719F00F27FFA /* InfoDTO.swift */; };
		B3D43BEF29B6740600F27FFA /* CharactersRepository.swift in Sources */ = {isa = PBXBuildFile; fileRef = B3D43BEE29B6740600F27FFA /* CharactersRepository.swift */; };
		B3D43BF129B674C700F27FFA /* Info.swift in Sources */ = {isa = PBXBuildFile; fileRef = B3D43BF029B674C700F27FFA /* Info.swift */; };
		B3D43BF429B678B100F27FFA /* CharacterRepositoryImp.swift in Sources */ = {isa = PBXBuildFile; fileRef = B3D43BF329B678B100F27FFA /* CharacterRepositoryImp.swift */; };
		B3D43BF629B6796C00F27FFA /* ResultsCharactersDTO+Mapping.swift in Sources */ = {isa = PBXBuildFile; fileRef = B3D43BF529B6796C00F27FFA /* ResultsCharactersDTO+Mapping.swift */; };
		B3D43BF929B681AD00F27FFA /* LoadCharacterUseCase.swift in Sources */ = {isa = PBXBuildFile; fileRef = B3D43BF829B681AD00F27FFA /* LoadCharacterUseCase.swift */; };
		B3D43BFD29B684C100F27FFA /* CharacterViewModel.swift in Sources */ = {isa = PBXBuildFile; fileRef = B3D43BFC29B684C100F27FFA /* CharacterViewModel.swift */; };
		B3D43BFF29B6853800F27FFA /* ItemCharacterViewModel.swift in Sources */ = {isa = PBXBuildFile; fileRef = B3D43BFE29B6853800F27FFA /* ItemCharacterViewModel.swift */; };
		B3D43C0229B6868200F27FFA /* BaseViewModel.swift in Sources */ = {isa = PBXBuildFile; fileRef = B3D43C0129B6868200F27FFA /* BaseViewModel.swift */; };
		B3D43C0429B6A18A00F27FFA /* UITableViewController+SpinnerLast.swift in Sources */ = {isa = PBXBuildFile; fileRef = B3D43C0329B6A18A00F27FFA /* UITableViewController+SpinnerLast.swift */; };
		B3F9263529AFB1E800764C41 /* MessageDisplayable.swift in Sources */ = {isa = PBXBuildFile; fileRef = B3F9263429AFB1E800764C41 /* MessageDisplayable.swift */; };
		B3F9263729AFE0C900764C41 /* AppLocalized.swift in Sources */ = {isa = PBXBuildFile; fileRef = B3F9263629AFE0C900764C41 /* AppLocalized.swift */; };
		B3F9263929AFE20700764C41 /* ViewValues.swift in Sources */ = {isa = PBXBuildFile; fileRef = B3F9263829AFE20700764C41 /* ViewValues.swift */; };
/* End PBXBuildFile section */

/* Begin PBXContainerItemProxy section */
		B38C52DD29A7CE5100887076 /* PBXContainerItemProxy */ = {
			isa = PBXContainerItemProxy;
			containerPortal = B38C52BE29A7CE5000887076 /* Project object */;
			proxyType = 1;
			remoteGlobalIDString = B38C52C529A7CE5000887076;
			remoteInfo = Challenge;
		};
/* End PBXContainerItemProxy section */

/* Begin PBXFileReference section */
		B31976CC29AA4B69001DA671 /* ApiClientService.swift */ = {isa = PBXFileReference; lastKnownFileType = sourcecode.swift; path = ApiClientService.swift; sourceTree = "<group>"; };
		B31976CF29AA4CBC001DA671 /* ApiClientServiceImp.swift */ = {isa = PBXFileReference; lastKnownFileType = sourcecode.swift; path = ApiClientServiceImp.swift; sourceTree = "<group>"; };
		B31976D229AA4E05001DA671 /* ApiError.swift */ = {isa = PBXFileReference; lastKnownFileType = sourcecode.swift; path = ApiError.swift; sourceTree = "<group>"; };
		B31976D529AA563F001DA671 /* HttpResponseStatus.swift */ = {isa = PBXFileReference; lastKnownFileType = sourcecode.swift; path = HttpResponseStatus.swift; sourceTree = "<group>"; };
		B31976D829AA5BD8001DA671 /* MenuDTO.swift */ = {isa = PBXFileReference; lastKnownFileType = sourcecode.swift; path = MenuDTO.swift; sourceTree = "<group>"; };
		B31976DA29AA5D02001DA671 /* MenuDTO+Mapper.swift */ = {isa = PBXFileReference; lastKnownFileType = sourcecode.swift; path = "MenuDTO+Mapper.swift"; sourceTree = "<group>"; };
		B31976DC29AA5DD2001DA671 /* PropertyIterator.swift */ = {isa = PBXFileReference; lastKnownFileType = sourcecode.swift; path = PropertyIterator.swift; sourceTree = "<group>"; };
		B31976DE29AA7757001DA671 /* Endpoint.swift */ = {isa = PBXFileReference; lastKnownFileType = sourcecode.swift; path = Endpoint.swift; sourceTree = "<group>"; };
		B31976E129AAB427001DA671 /* SpinnerDisplayable.swift */ = {isa = PBXFileReference; lastKnownFileType = sourcecode.swift; path = SpinnerDisplayable.swift; sourceTree = "<group>"; };
		B38C259529B23A1A00C782AC /* CharacterFactory.swift */ = {isa = PBXFileReference; lastKnownFileType = sourcecode.swift; path = CharacterFactory.swift; sourceTree = "<group>"; };
		B38C259829B26A9200C782AC /* CharacterViewController.swift */ = {isa = PBXFileReference; lastKnownFileType = sourcecode.swift; path = CharacterViewController.swift; sourceTree = "<group>"; };
		B38C259A29B26F2500C782AC /* CharacterCoordinator.swift */ = {isa = PBXFileReference; lastKnownFileType = sourcecode.swift; path = CharacterCoordinator.swift; sourceTree = "<group>"; };
		B38C52C629A7CE5000887076 /* Challenge.app */ = {isa = PBXFileReference; explicitFileType = wrapper.application; includeInIndex = 0; path = Challenge.app; sourceTree = BUILT_PRODUCTS_DIR; };
		B38C52C929A7CE5000887076 /* AppDelegate.swift */ = {isa = PBXFileReference; lastKnownFileType = sourcecode.swift; path = AppDelegate.swift; sourceTree = "<group>"; };
		B38C52CB29A7CE5000887076 /* SceneDelegate.swift */ = {isa = PBXFileReference; lastKnownFileType = sourcecode.swift; path = SceneDelegate.swift; sourceTree = "<group>"; };
		B38C52CD29A7CE5000887076 /* HomeMenuViewController.swift */ = {isa = PBXFileReference; lastKnownFileType = sourcecode.swift; path = HomeMenuViewController.swift; sourceTree = "<group>"; };
		B38C52D229A7CE5000887076 /* Assets.xcassets */ = {isa = PBXFileReference; lastKnownFileType = folder.assetcatalog; path = Assets.xcassets; sourceTree = "<group>"; };
		B38C52D529A7CE5000887076 /* Base */ = {isa = PBXFileReference; lastKnownFileType = file.storyboard; name = Base; path = Base.lproj/LaunchScreen.storyboard; sourceTree = "<group>"; };
		B38C52D729A7CE5000887076 /* Info.plist */ = {isa = PBXFileReference; lastKnownFileType = text.plist.xml; path = Info.plist; sourceTree = "<group>"; };
		B38C52DC29A7CE5100887076 /* ChallengeTests.xctest */ = {isa = PBXFileReference; explicitFileType = wrapper.cfbundle; includeInIndex = 0; path = ChallengeTests.xctest; sourceTree = BUILT_PRODUCTS_DIR; };
		B38C52E029A7CE5100887076 /* ChallengeTests.swift */ = {isa = PBXFileReference; lastKnownFileType = sourcecode.swift; path = ChallengeTests.swift; sourceTree = "<group>"; };
		B38C531829A7DD8300887076 /* Coordinator.swift */ = {isa = PBXFileReference; lastKnownFileType = sourcecode.swift; path = Coordinator.swift; sourceTree = "<group>"; };
		B38C531A29A7DDE300887076 /* AppCoordinator.swift */ = {isa = PBXFileReference; lastKnownFileType = sourcecode.swift; path = AppCoordinator.swift; sourceTree = "<group>"; };
		B38C531C29A7DFAA00887076 /* AppFactory.swift */ = {isa = PBXFileReference; lastKnownFileType = sourcecode.swift; path = AppFactory.swift; sourceTree = "<group>"; };
		B38C531E29A7E6E500887076 /* HomeCoordinator.swift */ = {isa = PBXFileReference; lastKnownFileType = sourcecode.swift; path = HomeCoordinator.swift; sourceTree = "<group>"; };
		B38C532029A7E76800887076 /* HomeFactory.swift */ = {isa = PBXFileReference; lastKnownFileType = sourcecode.swift; path = HomeFactory.swift; sourceTree = "<group>"; };
		B3C9F81529B8BEF60038DA6D /* LastPageValidationUseCase.swift */ = {isa = PBXFileReference; lastKnownFileType = sourcecode.swift; path = LastPageValidationUseCase.swift; sourceTree = "<group>"; };
		B3C9F81729B900550038DA6D /* RemoteImageDataService.swift */ = {isa = PBXFileReference; lastKnownFileType = sourcecode.swift; path = RemoteImageDataService.swift; sourceTree = "<group>"; };
		B3C9F81929B901020038DA6D /* ApiClientServiceImp+RemoteImageDataService.swift */ = {isa = PBXFileReference; lastKnownFileType = sourcecode.swift; path = "ApiClientServiceImp+RemoteImageDataService.swift"; sourceTree = "<group>"; };
		B3C9F81B29B902F10038DA6D /* LocalDataImageService.swift */ = {isa = PBXFileReference; lastKnownFileType = sourcecode.swift; path = LocalDataImageService.swift; sourceTree = "<group>"; };
		B3C9F81E29B906400038DA6D /* ImageDataRepository.swift */ = {isa = PBXFileReference; lastKnownFileType = sourcecode.swift; path = ImageDataRepository.swift; sourceTree = "<group>"; };
		B3C9F82129B907670038DA6D /* ImageRepositoryImp.swift */ = {isa = PBXFileReference; lastKnownFileType = sourcecode.swift; path = ImageRepositoryImp.swift; sourceTree = "<group>"; };
		B3C9F82429B9095E0038DA6D /* ImageDataUseCase.swift */ = {isa = PBXFileReference; lastKnownFileType = sourcecode.swift; path = ImageDataUseCase.swift; sourceTree = "<group>"; };
		B3C9F82629B90F710038DA6D /* AppContainer.swift */ = {isa = PBXFileReference; lastKnownFileType = sourcecode.swift; path = AppContainer.swift; sourceTree = "<group>"; };
		B3C9F82829B919080038DA6D /* UIImageView+Utils.swift */ = {isa = PBXFileReference; lastKnownFileType = sourcecode.swift; path = "UIImageView+Utils.swift"; sourceTree = "<group>"; };
		B3C9F82D29B9220B0038DA6D /* CharacterDetailViewController.swift */ = {isa = PBXFileReference; lastKnownFileType = sourcecode.swift; path = CharacterDetailViewController.swift; sourceTree = "<group>"; };
		B3C9F82F29B9227C0038DA6D /* CharacterDetailCoordinator.swift */ = {isa = PBXFileReference; lastKnownFileType = sourcecode.swift; path = CharacterDetailCoordinator.swift; sourceTree = "<group>"; };
		B3C9F83129B922E40038DA6D /* CharacterDetailFactory.swift */ = {isa = PBXFileReference; lastKnownFileType = sourcecode.swift; path = CharacterDetailFactory.swift; sourceTree = "<group>"; };
		B3C9F97229A93569007B5919 /* ItemHomeMenuCell.swift */ = {isa = PBXFileReference; lastKnownFileType = sourcecode.swift; path = ItemHomeMenuCell.swift; sourceTree = "<group>"; };
		B3C9F97429A93798007B5919 /* UIView+Constraints.swift */ = {isa = PBXFileReference; lastKnownFileType = sourcecode.swift; path = "UIView+Constraints.swift"; sourceTree = "<group>"; };
		B3C9F97629A95EEC007B5919 /* Reusable.swift */ = {isa = PBXFileReference; lastKnownFileType = sourcecode.swift; path = Reusable.swift; sourceTree = "<group>"; };
		B3C9F97B29A96EA4007B5919 /* MenuRepository.swift */ = {isa = PBXFileReference; lastKnownFileType = sourcecode.swift; path = MenuRepository.swift; sourceTree = "<group>"; };
		B3C9F97F29A970A4007B5919 /* MenuEntity.swift */ = {isa = PBXFileReference; lastKnownFileType = sourcecode.swift; path = MenuEntity.swift; sourceTree = "<group>"; };
		B3C9F98229A971F9007B5919 /* MenuRepositoryImp.swift */ = {isa = PBXFileReference; lastKnownFileType = sourcecode.swift; path = MenuRepositoryImp.swift; sourceTree = "<group>"; };
		B3C9F98529A973AA007B5919 /* LoadMenuUseCase.swift */ = {isa = PBXFileReference; lastKnownFileType = sourcecode.swift; path = LoadMenuUseCase.swift; sourceTree = "<group>"; };
		B3C9F98929A975D6007B5919 /* HomeMenuViewModel.swift */ = {isa = PBXFileReference; lastKnownFileType = sourcecode.swift; path = HomeMenuViewModel.swift; sourceTree = "<group>"; };
		B3C9F98B29A97718007B5919 /* StateController.swift */ = {isa = PBXFileReference; lastKnownFileType = sourcecode.swift; path = StateController.swift; sourceTree = "<group>"; };
		B3C9F98D29A9793C007B5919 /* ItemHomeMenuViewModel.swift */ = {isa = PBXFileReference; lastKnownFileType = sourcecode.swift; path = ItemHomeMenuViewModel.swift; sourceTree = "<group>"; };
		B3D43BD029B6332300F27FFA /* ItemCharacterTableViewCell.swift */ = {isa = PBXFileReference; lastKnownFileType = sourcecode.swift; path = ItemCharacterTableViewCell.swift; sourceTree = "<group>"; };
		B3D43BD329B6643300F27FFA /* Character.swift */ = {isa = PBXFileReference; lastKnownFileType = sourcecode.swift; path = Character.swift; sourceTree = "<group>"; };
		B3D43BD529B6647A00F27FFA /* StatusCharacter.swift */ = {isa = PBXFileReference; lastKnownFileType = sourcecode.swift; path = StatusCharacter.swift; sourceTree = "<group>"; };
		B3D43BD729B6656900F27FFA /* String+empty.swift */ = {isa = PBXFileReference; lastKnownFileType = sourcecode.swift; path = "String+empty.swift"; sourceTree = "<group>"; };
		B3D43BD929B668D800F27FFA /* Specie.swift */ = {isa = PBXFileReference; lastKnownFileType = sourcecode.swift; path = Specie.swift; sourceTree = "<group>"; };
		B3D43BDB29B66C9500F27FFA /* Origin.swift */ = {isa = PBXFileReference; lastKnownFileType = sourcecode.swift; path = Origin.swift; sourceTree = "<group>"; };
		B3D43BDD29B66D9900F27FFA /* Location.swift */ = {isa = PBXFileReference; lastKnownFileType = sourcecode.swift; path = Location.swift; sourceTree = "<group>"; };
		B3D43BE129B66E8A00F27FFA /* ResultsCharactersDTO.swift */ = {isa = PBXFileReference; lastKnownFileType = sourcecode.swift; path = ResultsCharactersDTO.swift; sourceTree = "<group>"; };
		B3D43BE329B66F0700F27FFA /* CharacterDTO.swift */ = {isa = PBXFileReference; lastKnownFileType = sourcecode.swift; path = CharacterDTO.swift; sourceTree = "<group>"; };
		B3D43BE629B6712800F27FFA /* OriginDTO.swift */ = {isa = PBXFileReference; lastKnownFileType = sourcecode.swift; path = OriginDTO.swift; sourceTree = "<group>"; };
		B3D43BE829B6715B00F27FFA /* LocationDTO.swift */ = {isa = PBXFileReference; lastKnownFileType = sourcecode.swift; path = LocationDTO.swift; sourceTree = "<group>"; };
		B3D43BEA29B6719F00F27FFA /* InfoDTO.swift */ = {isa = PBXFileReference; lastKnownFileType = sourcecode.swift; path = InfoDTO.swift; sourceTree = "<group>"; };
		B3D43BEE29B6740600F27FFA /* CharactersRepository.swift */ = {isa = PBXFileReference; lastKnownFileType = sourcecode.swift; path = CharactersRepository.swift; sourceTree = "<group>"; };
		B3D43BF029B674C700F27FFA /* Info.swift */ = {isa = PBXFileReference; lastKnownFileType = sourcecode.swift; path = Info.swift; sourceTree = "<group>"; };
		B3D43BF329B678B100F27FFA /* CharacterRepositoryImp.swift */ = {isa = PBXFileReference; lastKnownFileType = sourcecode.swift; path = CharacterRepositoryImp.swift; sourceTree = "<group>"; };
		B3D43BF529B6796C00F27FFA /* ResultsCharactersDTO+Mapping.swift */ = {isa = PBXFileReference; lastKnownFileType = sourcecode.swift; path = "ResultsCharactersDTO+Mapping.swift"; sourceTree = "<group>"; };
		B3D43BF829B681AD00F27FFA /* LoadCharacterUseCase.swift */ = {isa = PBXFileReference; lastKnownFileType = sourcecode.swift; path = LoadCharacterUseCase.swift; sourceTree = "<group>"; };
		B3D43BFC29B684C100F27FFA /* CharacterViewModel.swift */ = {isa = PBXFileReference; lastKnownFileType = sourcecode.swift; path = CharacterViewModel.swift; sourceTree = "<group>"; };
		B3D43BFE29B6853800F27FFA /* ItemCharacterViewModel.swift */ = {isa = PBXFileReference; lastKnownFileType = sourcecode.swift; path = ItemCharacterViewModel.swift; sourceTree = "<group>"; };
		B3D43C0129B6868200F27FFA /* BaseViewModel.swift */ = {isa = PBXFileReference; lastKnownFileType = sourcecode.swift; path = BaseViewModel.swift; sourceTree = "<group>"; };
		B3D43C0329B6A18A00F27FFA /* UITableViewController+SpinnerLast.swift */ = {isa = PBXFileReference; lastKnownFileType = sourcecode.swift; path = "UITableViewController+SpinnerLast.swift"; sourceTree = "<group>"; };
		B3F9263429AFB1E800764C41 /* MessageDisplayable.swift */ = {isa = PBXFileReference; lastKnownFileType = sourcecode.swift; path = MessageDisplayable.swift; sourceTree = "<group>"; };
		B3F9263629AFE0C900764C41 /* AppLocalized.swift */ = {isa = PBXFileReference; lastKnownFileType = sourcecode.swift; path = AppLocalized.swift; sourceTree = "<group>"; };
		B3F9263829AFE20700764C41 /* ViewValues.swift */ = {isa = PBXFileReference; lastKnownFileType = sourcecode.swift; path = ViewValues.swift; sourceTree = "<group>"; };
/* End PBXFileReference section */

/* Begin PBXFrameworksBuildPhase section */
		B38C52C329A7CE5000887076 /* Frameworks */ = {
			isa = PBXFrameworksBuildPhase;
			buildActionMask = 2147483647;
			files = (
			);
			runOnlyForDeploymentPostprocessing = 0;
		};
		B38C52D929A7CE5100887076 /* Frameworks */ = {
			isa = PBXFrameworksBuildPhase;
			buildActionMask = 2147483647;
			files = (
			);
			runOnlyForDeploymentPostprocessing = 0;
		};
/* End PBXFrameworksBuildPhase section */

/* Begin PBXGroup section */
		B31976CB29AA4B11001DA671 /* ApiClientService */ = {
			isa = PBXGroup;
			children = (
				B3C9F81729B900550038DA6D /* RemoteImageDataService.swift */,
				B31976CC29AA4B69001DA671 /* ApiClientService.swift */,
			);
			path = ApiClientService;
			sourceTree = "<group>";
		};
		B31976CE29AA4C9F001DA671 /* Implementations */ = {
			isa = PBXGroup;
			children = (
				B31976CF29AA4CBC001DA671 /* ApiClientServiceImp.swift */,
				B3C9F81929B901020038DA6D /* ApiClientServiceImp+RemoteImageDataService.swift */,
			);
			path = Implementations;
			sourceTree = "<group>";
		};
		B31976D129AA4DDB001DA671 /* Errors */ = {
			isa = PBXGroup;
			children = (
				B31976D229AA4E05001DA671 /* ApiError.swift */,
			);
			path = Errors;
			sourceTree = "<group>";
		};
		B31976D429AA561D001DA671 /* StatusResponse */ = {
			isa = PBXGroup;
			children = (
				B31976D529AA563F001DA671 /* HttpResponseStatus.swift */,
			);
			path = StatusResponse;
			sourceTree = "<group>";
		};
		B31976D729AA5BB5001DA671 /* DTO */ = {
			isa = PBXGroup;
			children = (
				B31976D829AA5BD8001DA671 /* MenuDTO.swift */,
				B31976DA29AA5D02001DA671 /* MenuDTO+Mapper.swift */,
			);
			path = DTO;
			sourceTree = "<group>";
		};
		B31976E029AAB3F3001DA671 /* Components */ = {
			isa = PBXGroup;
			children = (
				B31976E129AAB427001DA671 /* SpinnerDisplayable.swift */,
				B3F9263429AFB1E800764C41 /* MessageDisplayable.swift */,
			);
			path = Components;
			sourceTree = "<group>";
		};
		B38C259729B26A7300C782AC /* Presentation */ = {
			isa = PBXGroup;
			children = (
				B3D43BFB29B683CD00F27FFA /* ViewModel */,
				B3D43BFA29B683C500F27FFA /* View */,
			);
			path = Presentation;
			sourceTree = "<group>";
		};
		B38C52BD29A7CE5000887076 = {
			isa = PBXGroup;
			children = (
				B38C52C829A7CE5000887076 /* Challenge */,
				B38C52DF29A7CE5100887076 /* ChallengeTests */,
				B38C52C729A7CE5000887076 /* Products */,
			);
			sourceTree = "<group>";
		};
		B38C52C729A7CE5000887076 /* Products */ = {
			isa = PBXGroup;
			children = (
				B38C52C629A7CE5000887076 /* Challenge.app */,
				B38C52DC29A7CE5100887076 /* ChallengeTests.xctest */,
			);
			name = Products;
			sourceTree = "<group>";
		};
		B38C52C829A7CE5000887076 /* Challenge */ = {
			isa = PBXGroup;
			children = (
				B38C52F929A7CFDF00887076 /* App */,
				B38C52D729A7CE5000887076 /* Info.plist */,
			);
			path = Challenge;
			sourceTree = "<group>";
		};
		B38C52DF29A7CE5100887076 /* ChallengeTests */ = {
			isa = PBXGroup;
			children = (
				B38C52E029A7CE5100887076 /* ChallengeTests.swift */,
			);
			path = ChallengeTests;
			sourceTree = "<group>";
		};
		B38C52F929A7CFDF00887076 /* App */ = {
			isa = PBXGroup;
			children = (
				B38C52FF29A7D06300887076 /* Storage */,
				B38C52FE29A7D04E00887076 /* Resources */,
				B38C52FD29A7D03900887076 /* Networking */,
				B38C52FC29A7D01E00887076 /* Common */,
				B38C52FB29A7CFFC00887076 /* ScreenModule */,
				B38C52FA29A7CFE500887076 /* CompositionRoot */,
			);
			path = App;
			sourceTree = "<group>";
		};
		B38C52FA29A7CFE500887076 /* CompositionRoot */ = {
			isa = PBXGroup;
			children = (
				B38C531729A7D44F00887076 /* System */,
				B38C531529A7D33900887076 /* DIContainer */,
				B38C531429A7D32800887076 /* Factories */,
				B38C531129A7D2DE00887076 /* Coordinator */,
			);
			path = CompositionRoot;
			sourceTree = "<group>";
		};
		B38C52FB29A7CFFC00887076 /* ScreenModule */ = {
			isa = PBXGroup;
			children = (
				B38C531629A7D36F00887076 /* LaunchScreen */,
				B38C530529A7D0F400887076 /* Origin */,
				B38C530429A7D0E300887076 /* Episodes */,
				B38C530329A7D0D500887076 /* Locations */,
				B38C530629A7D10700887076 /* LocationDetail */,
				B38C530129A7D0AE00887076 /* Characters */,
				B38C530229A7D0C200887076 /* CharacterDetail */,
				B38C530029A7D07900887076 /* HomeMenu */,
			);
			path = ScreenModule;
			sourceTree = "<group>";
		};
		B38C52FC29A7D01E00887076 /* Common */ = {
			isa = PBXGroup;
			children = (
				B31976E029AAB3F3001DA671 /* Components */,
				B38C531029A7D29D00887076 /* Localize */,
				B38C530F29A7D28600887076 /* StateController */,
				B38C530E29A7D27900887076 /* Utils */,
				B38C530A29A7D21500887076 /* Layer */,
				B38C530829A7D1B900887076 /* Constants */,
				B38C530729A7D19E00887076 /* Extensions */,
			);
			path = Common;
			sourceTree = "<group>";
		};
		B38C52FD29A7D03900887076 /* Networking */ = {
			isa = PBXGroup;
			children = (
				B31976D429AA561D001DA671 /* StatusResponse */,
				B31976D129AA4DDB001DA671 /* Errors */,
				B31976CE29AA4C9F001DA671 /* Implementations */,
				B31976CB29AA4B11001DA671 /* ApiClientService */,
				B31976DE29AA7757001DA671 /* Endpoint.swift */,
			);
			path = Networking;
			sourceTree = "<group>";
		};
		B38C52FE29A7D04E00887076 /* Resources */ = {
			isa = PBXGroup;
			children = (
				B38C52D229A7CE5000887076 /* Assets.xcassets */,
			);
			path = Resources;
			sourceTree = "<group>";
		};
		B38C52FF29A7D06300887076 /* Storage */ = {
			isa = PBXGroup;
			children = (
				B3C9F81B29B902F10038DA6D /* LocalDataImageService.swift */,
			);
			path = Storage;
			sourceTree = "<group>";
		};
		B38C530029A7D07900887076 /* HomeMenu */ = {
			isa = PBXGroup;
			children = (
				B3C9F97A29A96E45007B5919 /* Domain */,
				B3C9F97929A96E3F007B5919 /* Data */,
				B3C9F97829A96E1A007B5919 /* Presentation */,
			);
			path = HomeMenu;
			sourceTree = "<group>";
		};
		B38C530129A7D0AE00887076 /* Characters */ = {
			isa = PBXGroup;
			children = (
				B3D43BDF29B66E5E00F27FFA /* Data */,
				B3D43BEC29B673B100F27FFA /* Domain */,
				B38C259729B26A7300C782AC /* Presentation */,
			);
			path = Characters;
			sourceTree = "<group>";
		};
		B38C530229A7D0C200887076 /* CharacterDetail */ = {
			isa = PBXGroup;
			children = (
				B3C9F82B29B921A80038DA6D /* Data */,
				B3C9F82C29B921BC0038DA6D /* Domain */,
				B3C9F82A29B921A10038DA6D /* Presentation */,
			);
			path = CharacterDetail;
			sourceTree = "<group>";
		};
		B38C530329A7D0D500887076 /* Locations */ = {
			isa = PBXGroup;
			children = (
			);
			path = Locations;
			sourceTree = "<group>";
		};
		B38C530429A7D0E300887076 /* Episodes */ = {
			isa = PBXGroup;
			children = (
			);
			path = Episodes;
			sourceTree = "<group>";
		};
		B38C530529A7D0F400887076 /* Origin */ = {
			isa = PBXGroup;
			children = (
			);
			path = Origin;
			sourceTree = "<group>";
		};
		B38C530629A7D10700887076 /* LocationDetail */ = {
			isa = PBXGroup;
			children = (
			);
			path = LocationDetail;
			sourceTree = "<group>";
		};
		B38C530729A7D19E00887076 /* Extensions */ = {
			isa = PBXGroup;
			children = (
				B3C9F97429A93798007B5919 /* UIView+Constraints.swift */,
				B3D43BD729B6656900F27FFA /* String+empty.swift */,
				B3D43C0329B6A18A00F27FFA /* UITableViewController+SpinnerLast.swift */,
				B3C9F82829B919080038DA6D /* UIImageView+Utils.swift */,
			);
			path = Extensions;
			sourceTree = "<group>";
		};
		B38C530829A7D1B900887076 /* Constants */ = {
			isa = PBXGroup;
			children = (
				B3F9263829AFE20700764C41 /* ViewValues.swift */,
			);
			path = Constants;
			sourceTree = "<group>";
		};
		B38C530929A7D20300887076 /* Components */ = {
			isa = PBXGroup;
			children = (
				B3C9F98B29A97718007B5919 /* StateController.swift */,
			);
			path = Components;
			sourceTree = "<group>";
		};
		B38C530A29A7D21500887076 /* Layer */ = {
			isa = PBXGroup;
			children = (
				B38C530B29A7D22500887076 /* Data */,
				B38C530C29A7D23100887076 /* Domain */,
				B38C530D29A7D24400887076 /* Presentation */,
			);
			path = Layer;
			sourceTree = "<group>";
		};
		B38C530B29A7D22500887076 /* Data */ = {
			isa = PBXGroup;
			children = (
				B3C9F82029B9073F0038DA6D /* RepositoriesImplementation */,
				B3D43BE529B6710C00F27FFA /* DTO */,
			);
			path = Data;
			sourceTree = "<group>";
		};
		B38C530C29A7D23100887076 /* Domain */ = {
			isa = PBXGroup;
			children = (
				B3C9F82329B9092E0038DA6D /* UseCase */,
				B3C9F81D29B905F90038DA6D /* InterfacesRepository */,
				B3D43BD229B6640600F27FFA /* Entities */,
			);
			path = Domain;
			sourceTree = "<group>";
		};
		B38C530D29A7D24400887076 /* Presentation */ = {
			isa = PBXGroup;
			children = (
				B3D43C0029B6865D00F27FFA /* ViewModel */,
				B38C530929A7D20300887076 /* Components */,
			);
			path = Presentation;
			sourceTree = "<group>";
		};
		B38C530E29A7D27900887076 /* Utils */ = {
			isa = PBXGroup;
			children = (
				B3C9F97629A95EEC007B5919 /* Reusable.swift */,
				B31976DC29AA5DD2001DA671 /* PropertyIterator.swift */,
			);
			path = Utils;
			sourceTree = "<group>";
		};
		B38C530F29A7D28600887076 /* StateController */ = {
			isa = PBXGroup;
			children = (
			);
			path = StateController;
			sourceTree = "<group>";
		};
		B38C531029A7D29D00887076 /* Localize */ = {
			isa = PBXGroup;
			children = (
				B3F9263629AFE0C900764C41 /* AppLocalized.swift */,
			);
			path = Localize;
			sourceTree = "<group>";
		};
		B38C531129A7D2DE00887076 /* Coordinator */ = {
			isa = PBXGroup;
			children = (
				B38C531829A7DD8300887076 /* Coordinator.swift */,
				B38C531329A7D30700887076 /* CoordinatorScreen */,
				B38C531229A7D30100887076 /* Utils */,
				B38C531A29A7DDE300887076 /* AppCoordinator.swift */,
			);
			path = Coordinator;
			sourceTree = "<group>";
		};
		B38C531229A7D30100887076 /* Utils */ = {
			isa = PBXGroup;
			children = (
			);
			path = Utils;
			sourceTree = "<group>";
		};
		B38C531329A7D30700887076 /* CoordinatorScreen */ = {
			isa = PBXGroup;
			children = (
				B38C531E29A7E6E500887076 /* HomeCoordinator.swift */,
				B38C259A29B26F2500C782AC /* CharacterCoordinator.swift */,
				B3C9F82F29B9227C0038DA6D /* CharacterDetailCoordinator.swift */,
			);
			path = CoordinatorScreen;
			sourceTree = "<group>";
		};
		B38C531429A7D32800887076 /* Factories */ = {
			isa = PBXGroup;
			children = (
				B38C531C29A7DFAA00887076 /* AppFactory.swift */,
				B38C532029A7E76800887076 /* HomeFactory.swift */,
				B38C259529B23A1A00C782AC /* CharacterFactory.swift */,
				B3C9F83129B922E40038DA6D /* CharacterDetailFactory.swift */,
			);
			path = Factories;
			sourceTree = "<group>";
		};
		B38C531529A7D33900887076 /* DIContainer */ = {
			isa = PBXGroup;
			children = (
				B3C9F82629B90F710038DA6D /* AppContainer.swift */,
			);
			path = DIContainer;
			sourceTree = "<group>";
		};
		B38C531629A7D36F00887076 /* LaunchScreen */ = {
			isa = PBXGroup;
			children = (
				B38C52D429A7CE5000887076 /* LaunchScreen.storyboard */,
			);
			path = LaunchScreen;
			sourceTree = "<group>";
		};
		B38C531729A7D44F00887076 /* System */ = {
			isa = PBXGroup;
			children = (
				B38C52C929A7CE5000887076 /* AppDelegate.swift */,
				B38C52CB29A7CE5000887076 /* SceneDelegate.swift */,
			);
			path = System;
			sourceTree = "<group>";
		};
		B3C9F81D29B905F90038DA6D /* InterfacesRepository */ = {
			isa = PBXGroup;
			children = (
				B3C9F81E29B906400038DA6D /* ImageDataRepository.swift */,
			);
			path = InterfacesRepository;
			sourceTree = "<group>";
		};
		B3C9F82029B9073F0038DA6D /* RepositoriesImplementation */ = {
			isa = PBXGroup;
			children = (
				B3C9F82129B907670038DA6D /* ImageRepositoryImp.swift */,
			);
			path = RepositoriesImplementation;
			sourceTree = "<group>";
		};
		B3C9F82329B9092E0038DA6D /* UseCase */ = {
			isa = PBXGroup;
			children = (
				B3C9F82429B9095E0038DA6D /* ImageDataUseCase.swift */,
			);
			path = UseCase;
			sourceTree = "<group>";
		};
		B3C9F82A29B921A10038DA6D /* Presentation */ = {
			isa = PBXGroup;
			children = (
				B3C9F82D29B9220B0038DA6D /* CharacterDetailViewController.swift */,
			);
			path = Presentation;
			sourceTree = "<group>";
		};
		B3C9F82B29B921A80038DA6D /* Data */ = {
			isa = PBXGroup;
			children = (
			);
			path = Data;
			sourceTree = "<group>";
		};
		B3C9F82C29B921BC0038DA6D /* Domain */ = {
			isa = PBXGroup;
			children = (
			);
			path = Domain;
			sourceTree = "<group>";
		};
		B3C9F97829A96E1A007B5919 /* Presentation */ = {
			isa = PBXGroup;
			children = (
				B3C9F98829A975BB007B5919 /* Controller */,
				B3C9F98729A975B6007B5919 /* Cell */,
			);
			path = Presentation;
			sourceTree = "<group>";
		};
		B3C9F97929A96E3F007B5919 /* Data */ = {
			isa = PBXGroup;
			children = (
				B31976D729AA5BB5001DA671 /* DTO */,
				B3C9F98129A971A8007B5919 /* Repositories */,
			);
			path = Data;
			sourceTree = "<group>";
		};
		B3C9F97A29A96E45007B5919 /* Domain */ = {
			isa = PBXGroup;
			children = (
				B3C9F98429A972AE007B5919 /* UseCase */,
				B3C9F97E29A9706C007B5919 /* Entities */,
				B3C9F97D29A97055007B5919 /* InterfacesRepositories */,
			);
			path = Domain;
			sourceTree = "<group>";
		};
		B3C9F97D29A97055007B5919 /* InterfacesRepositories */ = {
			isa = PBXGroup;
			children = (
				B3C9F97B29A96EA4007B5919 /* MenuRepository.swift */,
			);
			path = InterfacesRepositories;
			sourceTree = "<group>";
		};
		B3C9F97E29A9706C007B5919 /* Entities */ = {
			isa = PBXGroup;
			children = (
				B3C9F97F29A970A4007B5919 /* MenuEntity.swift */,
			);
			path = Entities;
			sourceTree = "<group>";
		};
		B3C9F98129A971A8007B5919 /* Repositories */ = {
			isa = PBXGroup;
			children = (
				B3C9F98229A971F9007B5919 /* MenuRepositoryImp.swift */,
			);
			path = Repositories;
			sourceTree = "<group>";
		};
		B3C9F98429A972AE007B5919 /* UseCase */ = {
			isa = PBXGroup;
			children = (
				B3C9F98529A973AA007B5919 /* LoadMenuUseCase.swift */,
			);
			path = UseCase;
			sourceTree = "<group>";
		};
		B3C9F98729A975B6007B5919 /* Cell */ = {
			isa = PBXGroup;
			children = (
				B3C9F97229A93569007B5919 /* ItemHomeMenuCell.swift */,
				B3C9F98D29A9793C007B5919 /* ItemHomeMenuViewModel.swift */,
			);
			path = Cell;
			sourceTree = "<group>";
		};
		B3C9F98829A975BB007B5919 /* Controller */ = {
			isa = PBXGroup;
			children = (
				B38C52CD29A7CE5000887076 /* HomeMenuViewController.swift */,
				B3C9F98929A975D6007B5919 /* HomeMenuViewModel.swift */,
			);
			path = Controller;
			sourceTree = "<group>";
		};
		B3D43BCF29B6328400F27FFA /* Cell */ = {
			isa = PBXGroup;
			children = (
				B3D43BD029B6332300F27FFA /* ItemCharacterTableViewCell.swift */,
			);
			path = Cell;
			sourceTree = "<group>";
		};
		B3D43BD229B6640600F27FFA /* Entities */ = {
			isa = PBXGroup;
			children = (
				B3D43BD329B6643300F27FFA /* Character.swift */,
				B3D43BD529B6647A00F27FFA /* StatusCharacter.swift */,
				B3D43BD929B668D800F27FFA /* Specie.swift */,
				B3D43BDB29B66C9500F27FFA /* Origin.swift */,
				B3D43BDD29B66D9900F27FFA /* Location.swift */,
				B3D43BF029B674C700F27FFA /* Info.swift */,
			);
			path = Entities;
			sourceTree = "<group>";
		};
		B3D43BDF29B66E5E00F27FFA /* Data */ = {
			isa = PBXGroup;
			children = (
				B3D43BF229B677B800F27FFA /* Repositories */,
				B3D43BE029B66E6D00F27FFA /* DTO */,
			);
			path = Data;
			sourceTree = "<group>";
		};
		B3D43BE029B66E6D00F27FFA /* DTO */ = {
			isa = PBXGroup;
			children = (
				B3D43BE129B66E8A00F27FFA /* ResultsCharactersDTO.swift */,
				B3D43BE329B66F0700F27FFA /* CharacterDTO.swift */,
				B3D43BF529B6796C00F27FFA /* ResultsCharactersDTO+Mapping.swift */,
			);
			path = DTO;
			sourceTree = "<group>";
		};
		B3D43BE529B6710C00F27FFA /* DTO */ = {
			isa = PBXGroup;
			children = (
				B3D43BE629B6712800F27FFA /* OriginDTO.swift */,
				B3D43BE829B6715B00F27FFA /* LocationDTO.swift */,
				B3D43BEA29B6719F00F27FFA /* InfoDTO.swift */,
			);
			path = DTO;
			sourceTree = "<group>";
		};
		B3D43BEC29B673B100F27FFA /* Domain */ = {
			isa = PBXGroup;
			children = (
				B3D43BF729B67FB100F27FFA /* UseCases */,
				B3D43BED29B673C700F27FFA /* RepositoriesInterfaces */,
			);
			path = Domain;
			sourceTree = "<group>";
		};
		B3D43BED29B673C700F27FFA /* RepositoriesInterfaces */ = {
			isa = PBXGroup;
			children = (
				B3D43BEE29B6740600F27FFA /* CharactersRepository.swift */,
			);
			path = RepositoriesInterfaces;
			sourceTree = "<group>";
		};
		B3D43BF229B677B800F27FFA /* Repositories */ = {
			isa = PBXGroup;
			children = (
				B3D43BF329B678B100F27FFA /* CharacterRepositoryImp.swift */,
			);
			path = Repositories;
			sourceTree = "<group>";
		};
		B3D43BF729B67FB100F27FFA /* UseCases */ = {
			isa = PBXGroup;
			children = (
				B3D43BF829B681AD00F27FFA /* LoadCharacterUseCase.swift */,
				B3C9F81529B8BEF60038DA6D /* LastPageValidationUseCase.swift */,
			);
			path = UseCases;
			sourceTree = "<group>";
		};
		B3D43BFA29B683C500F27FFA /* View */ = {
			isa = PBXGroup;
			children = (
				B38C259829B26A9200C782AC /* CharacterViewController.swift */,
				B3D43BCF29B6328400F27FFA /* Cell */,
			);
			path = View;
			sourceTree = "<group>";
		};
		B3D43BFB29B683CD00F27FFA /* ViewModel */ = {
			isa = PBXGroup;
			children = (
				B3D43BFC29B684C100F27FFA /* CharacterViewModel.swift */,
				B3D43BFE29B6853800F27FFA /* ItemCharacterViewModel.swift */,
			);
			path = ViewModel;
			sourceTree = "<group>";
		};
		B3D43C0029B6865D00F27FFA /* ViewModel */ = {
			isa = PBXGroup;
			children = (
				B3D43C0129B6868200F27FFA /* BaseViewModel.swift */,
			);
			path = ViewModel;
			sourceTree = "<group>";
		};
/* End PBXGroup section */

/* Begin PBXNativeTarget section */
		B38C52C529A7CE5000887076 /* Challenge */ = {
			isa = PBXNativeTarget;
			buildConfigurationList = B38C52F029A7CE5100887076 /* Build configuration list for PBXNativeTarget "Challenge" */;
			buildPhases = (
				B3BAFBE229B3781400ECFAA7 /* Swiftlint */,
				B38C52C229A7CE5000887076 /* Sources */,
				B38C52C329A7CE5000887076 /* Frameworks */,
				B38C52C429A7CE5000887076 /* Resources */,
			);
			buildRules = (
			);
			dependencies = (
			);
			name = Challenge;
			productName = Challenge;
			productReference = B38C52C629A7CE5000887076 /* Challenge.app */;
			productType = "com.apple.product-type.application";
		};
		B38C52DB29A7CE5100887076 /* ChallengeTests */ = {
			isa = PBXNativeTarget;
			buildConfigurationList = B38C52F329A7CE5100887076 /* Build configuration list for PBXNativeTarget "ChallengeTests" */;
			buildPhases = (
				B38C52D829A7CE5100887076 /* Sources */,
				B38C52D929A7CE5100887076 /* Frameworks */,
				B38C52DA29A7CE5100887076 /* Resources */,
			);
			buildRules = (
			);
			dependencies = (
				B38C52DE29A7CE5100887076 /* PBXTargetDependency */,
			);
			name = ChallengeTests;
			productName = ChallengeTests;
			productReference = B38C52DC29A7CE5100887076 /* ChallengeTests.xctest */;
			productType = "com.apple.product-type.bundle.unit-test";
		};
/* End PBXNativeTarget section */

/* Begin PBXProject section */
		B38C52BE29A7CE5000887076 /* Project object */ = {
			isa = PBXProject;
			attributes = {
				BuildIndependentTargetsInParallel = 1;
				LastSwiftUpdateCheck = 1420;
				LastUpgradeCheck = 1420;
				TargetAttributes = {
					B38C52C529A7CE5000887076 = {
						CreatedOnToolsVersion = 14.2;
					};
					B38C52DB29A7CE5100887076 = {
						CreatedOnToolsVersion = 14.2;
						TestTargetID = B38C52C529A7CE5000887076;
					};
				};
			};
			buildConfigurationList = B38C52C129A7CE5000887076 /* Build configuration list for PBXProject "Challenge" */;
			compatibilityVersion = "Xcode 14.0";
			developmentRegion = en;
			hasScannedForEncodings = 0;
			knownRegions = (
				en,
				Base,
			);
			mainGroup = B38C52BD29A7CE5000887076;
			productRefGroup = B38C52C729A7CE5000887076 /* Products */;
			projectDirPath = "";
			projectRoot = "";
			targets = (
				B38C52C529A7CE5000887076 /* Challenge */,
				B38C52DB29A7CE5100887076 /* ChallengeTests */,
			);
		};
/* End PBXProject section */

/* Begin PBXResourcesBuildPhase section */
		B38C52C429A7CE5000887076 /* Resources */ = {
			isa = PBXResourcesBuildPhase;
			buildActionMask = 2147483647;
			files = (
				B38C52D629A7CE5000887076 /* LaunchScreen.storyboard in Resources */,
				B38C52D329A7CE5000887076 /* Assets.xcassets in Resources */,
			);
			runOnlyForDeploymentPostprocessing = 0;
		};
		B38C52DA29A7CE5100887076 /* Resources */ = {
			isa = PBXResourcesBuildPhase;
			buildActionMask = 2147483647;
			files = (
			);
			runOnlyForDeploymentPostprocessing = 0;
		};
/* End PBXResourcesBuildPhase section */

/* Begin PBXShellScriptBuildPhase section */
		B3BAFBE229B3781400ECFAA7 /* Swiftlint */ = {
			isa = PBXShellScriptBuildPhase;
			alwaysOutOfDate = 1;
			buildActionMask = 2147483647;
			files = (
			);
			inputFileListPaths = (
			);
			inputPaths = (
			);
			name = Swiftlint;
			outputFileListPaths = (
			);
			outputPaths = (
			);
			runOnlyForDeploymentPostprocessing = 0;
			shellPath = /bin/sh;
			shellScript = "export PATH=\"$PATH:/opt/homebrew/bin\"\nif which swiftlint >/dev/null; then\n  swiftlint --fix && swiftlint\nelse\n  echo \"warning: SwiftLint not installed, download from https://github.com/realm/SwiftLint\"\nfi\n";
		};
/* End PBXShellScriptBuildPhase section */

/* Begin PBXSourcesBuildPhase section */
		B38C52C229A7CE5000887076 /* Sources */ = {
			isa = PBXSourcesBuildPhase;
			buildActionMask = 2147483647;
			files = (
				B3D43BE929B6715B00F27FFA /* LocationDTO.swift in Sources */,
				B3C9F81829B900550038DA6D /* RemoteImageDataService.swift in Sources */,
				B38C531D29A7DFAA00887076 /* AppFactory.swift in Sources */,
				B38C531929A7DD8300887076 /* Coordinator.swift in Sources */,
				B3D43BDE29B66D9900F27FFA /* Location.swift in Sources */,
				B3C9F82E29B9220B0038DA6D /* CharacterDetailViewController.swift in Sources */,
				B3D43BE429B66F0700F27FFA /* CharacterDTO.swift in Sources */,
				B3D43BD429B6643300F27FFA /* Character.swift in Sources */,
				B3F9263929AFE20700764C41 /* ViewValues.swift in Sources */,
				B3C9F81629B8BEF60038DA6D /* LastPageValidationUseCase.swift in Sources */,
				B3C9F81F29B906400038DA6D /* ImageDataRepository.swift in Sources */,
				B3D43BEF29B6740600F27FFA /* CharactersRepository.swift in Sources */,
				B3F9263529AFB1E800764C41 /* MessageDisplayable.swift in Sources */,
				B3C9F98629A973AA007B5919 /* LoadMenuUseCase.swift in Sources */,
				B38C259B29B26F2500C782AC /* CharacterCoordinator.swift in Sources */,
				B38C52CE29A7CE5000887076 /* HomeMenuViewController.swift in Sources */,
				B3C9F82729B90F710038DA6D /* AppContainer.swift in Sources */,
				B31976D029AA4CBC001DA671 /* ApiClientServiceImp.swift in Sources */,
				B3D43BD129B6332300F27FFA /* ItemCharacterTableViewCell.swift in Sources */,
				B38C531B29A7DDE300887076 /* AppCoordinator.swift in Sources */,
				B3C9F97C29A96EA4007B5919 /* MenuRepository.swift in Sources */,
				B3D43BF629B6796C00F27FFA /* ResultsCharactersDTO+Mapping.swift in Sources */,
				B3D43BDA29B668D800F27FFA /* Specie.swift in Sources */,
				B3C9F81A29B901020038DA6D /* ApiClientServiceImp+RemoteImageDataService.swift in Sources */,
				B3D43BF429B678B100F27FFA /* CharacterRepositoryImp.swift in Sources */,
				B3D43BFF29B6853800F27FFA /* ItemCharacterViewModel.swift in Sources */,
				B3C9F82929B919080038DA6D /* UIImageView+Utils.swift in Sources */,
				B3C9F97729A95EEC007B5919 /* Reusable.swift in Sources */,
				B3D43BD629B6647A00F27FFA /* StatusCharacter.swift in Sources */,
				B3F9263729AFE0C900764C41 /* AppLocalized.swift in Sources */,
				B3C9F98C29A97718007B5919 /* StateController.swift in Sources */,
				B3C9F81C29B902F10038DA6D /* LocalDataImageService.swift in Sources */,
				B3D43BE229B66E8A00F27FFA /* ResultsCharactersDTO.swift in Sources */,
				B3C9F82529B9095E0038DA6D /* ImageDataUseCase.swift in Sources */,
				B31976E229AAB427001DA671 /* SpinnerDisplayable.swift in Sources */,
				B3C9F98029A970A4007B5919 /* MenuEntity.swift in Sources */,
				B38C259629B23A1A00C782AC /* CharacterFactory.swift in Sources */,
				B3C9F83029B9227C0038DA6D /* CharacterDetailCoordinator.swift in Sources */,
				B38C52CA29A7CE5000887076 /* AppDelegate.swift in Sources */,
				B3D43BD829B6656900F27FFA /* String+empty.swift in Sources */,
				B3D43C0229B6868200F27FFA /* BaseViewModel.swift in Sources */,
				B3D43BE729B6712800F27FFA /* OriginDTO.swift in Sources */,
				B38C532129A7E76800887076 /* HomeFactory.swift in Sources */,
				B3D43BF129B674C700F27FFA /* Info.swift in Sources */,
				B38C531F29A7E6E500887076 /* HomeCoordinator.swift in Sources */,
				B3D43C0429B6A18A00F27FFA /* UITableViewController+SpinnerLast.swift in Sources */,
				B3C9F97529A93798007B5919 /* UIView+Constraints.swift in Sources */,
				B38C259929B26A9200C782AC /* CharacterViewController.swift in Sources */,
				B3D43BF929B681AD00F27FFA /* LoadCharacterUseCase.swift in Sources */,
				B3C9F82229B907670038DA6D /* ImageRepositoryImp.swift in Sources */,
				B31976D329AA4E05001DA671 /* ApiError.swift in Sources */,
				B3C9F98E29A9793C007B5919 /* ItemHomeMenuViewModel.swift in Sources */,
				B31976DF29AA7757001DA671 /* Endpoint.swift in Sources */,
				B3C9F83229B922E40038DA6D /* CharacterDetailFactory.swift in Sources */,
				B31976D629AA563F001DA671 /* HttpResponseStatus.swift in Sources */,
				B31976DD29AA5DD2001DA671 /* PropertyIterator.swift in Sources */,
				B3C9F98A29A975D6007B5919 /* HomeMenuViewModel.swift in Sources */,
				B3D43BDC29B66C9500F27FFA /* Origin.swift in Sources */,
				B3D43BFD29B684C100F27FFA /* CharacterViewModel.swift in Sources */,
				B3C9F98329A971F9007B5919 /* MenuRepositoryImp.swift in Sources */,
				B31976DB29AA5D02001DA671 /* MenuDTO+Mapper.swift in Sources */,
				B3C9F97329A93569007B5919 /* ItemHomeMenuCell.swift in Sources */,
				B38C52CC29A7CE5000887076 /* SceneDelegate.swift in Sources */,
				B31976CD29AA4B69001DA671 /* ApiClientService.swift in Sources */,
				B31976D929AA5BD8001DA671 /* MenuDTO.swift in Sources */,
				B3D43BEB29B6719F00F27FFA /* InfoDTO.swift in Sources */,
			);
			runOnlyForDeploymentPostprocessing = 0;
		};
		B38C52D829A7CE5100887076 /* Sources */ = {
			isa = PBXSourcesBuildPhase;
			buildActionMask = 2147483647;
			files = (
				B38C52E129A7CE5100887076 /* ChallengeTests.swift in Sources */,
			);
			runOnlyForDeploymentPostprocessing = 0;
		};
/* End PBXSourcesBuildPhase section */

/* Begin PBXTargetDependency section */
		B38C52DE29A7CE5100887076 /* PBXTargetDependency */ = {
			isa = PBXTargetDependency;
			target = B38C52C529A7CE5000887076 /* Challenge */;
			targetProxy = B38C52DD29A7CE5100887076 /* PBXContainerItemProxy */;
		};
/* End PBXTargetDependency section */

/* Begin PBXVariantGroup section */
		B38C52D429A7CE5000887076 /* LaunchScreen.storyboard */ = {
			isa = PBXVariantGroup;
			children = (
				B38C52D529A7CE5000887076 /* Base */,
			);
			name = LaunchScreen.storyboard;
			sourceTree = "<group>";
		};
/* End PBXVariantGroup section */

/* Begin XCBuildConfiguration section */
		B38C52EE29A7CE5100887076 /* Debug */ = {
			isa = XCBuildConfiguration;
			buildSettings = {
				ALWAYS_SEARCH_USER_PATHS = NO;
				CLANG_ANALYZER_NONNULL = YES;
				CLANG_ANALYZER_NUMBER_OBJECT_CONVERSION = YES_AGGRESSIVE;
				CLANG_CXX_LANGUAGE_STANDARD = "gnu++20";
				CLANG_ENABLE_MODULES = YES;
				CLANG_ENABLE_OBJC_ARC = YES;
				CLANG_ENABLE_OBJC_WEAK = YES;
				CLANG_WARN_BLOCK_CAPTURE_AUTORELEASING = YES;
				CLANG_WARN_BOOL_CONVERSION = YES;
				CLANG_WARN_COMMA = YES;
				CLANG_WARN_CONSTANT_CONVERSION = YES;
				CLANG_WARN_DEPRECATED_OBJC_IMPLEMENTATIONS = YES;
				CLANG_WARN_DIRECT_OBJC_ISA_USAGE = YES_ERROR;
				CLANG_WARN_DOCUMENTATION_COMMENTS = YES;
				CLANG_WARN_EMPTY_BODY = YES;
				CLANG_WARN_ENUM_CONVERSION = YES;
				CLANG_WARN_INFINITE_RECURSION = YES;
				CLANG_WARN_INT_CONVERSION = YES;
				CLANG_WARN_NON_LITERAL_NULL_CONVERSION = YES;
				CLANG_WARN_OBJC_IMPLICIT_RETAIN_SELF = YES;
				CLANG_WARN_OBJC_LITERAL_CONVERSION = YES;
				CLANG_WARN_OBJC_ROOT_CLASS = YES_ERROR;
				CLANG_WARN_QUOTED_INCLUDE_IN_FRAMEWORK_HEADER = YES;
				CLANG_WARN_RANGE_LOOP_ANALYSIS = YES;
				CLANG_WARN_STRICT_PROTOTYPES = YES;
				CLANG_WARN_SUSPICIOUS_MOVE = YES;
				CLANG_WARN_UNGUARDED_AVAILABILITY = YES_AGGRESSIVE;
				CLANG_WARN_UNREACHABLE_CODE = YES;
				CLANG_WARN__DUPLICATE_METHOD_MATCH = YES;
				COPY_PHASE_STRIP = NO;
				DEBUG_INFORMATION_FORMAT = dwarf;
				ENABLE_STRICT_OBJC_MSGSEND = YES;
				ENABLE_TESTABILITY = YES;
				GCC_C_LANGUAGE_STANDARD = gnu11;
				GCC_DYNAMIC_NO_PIC = NO;
				GCC_NO_COMMON_BLOCKS = YES;
				GCC_OPTIMIZATION_LEVEL = 0;
				GCC_PREPROCESSOR_DEFINITIONS = (
					"DEBUG=1",
					"$(inherited)",
				);
				GCC_WARN_64_TO_32_BIT_CONVERSION = YES;
				GCC_WARN_ABOUT_RETURN_TYPE = YES_ERROR;
				GCC_WARN_UNDECLARED_SELECTOR = YES;
				GCC_WARN_UNINITIALIZED_AUTOS = YES_AGGRESSIVE;
				GCC_WARN_UNUSED_FUNCTION = YES;
				GCC_WARN_UNUSED_VARIABLE = YES;
				IPHONEOS_DEPLOYMENT_TARGET = 16.2;
				MTL_ENABLE_DEBUG_INFO = INCLUDE_SOURCE;
				MTL_FAST_MATH = YES;
				ONLY_ACTIVE_ARCH = YES;
				SDKROOT = iphoneos;
				SWIFT_ACTIVE_COMPILATION_CONDITIONS = DEBUG;
				SWIFT_OPTIMIZATION_LEVEL = "-Onone";
			};
			name = Debug;
		};
		B38C52EF29A7CE5100887076 /* Release */ = {
			isa = XCBuildConfiguration;
			buildSettings = {
				ALWAYS_SEARCH_USER_PATHS = NO;
				CLANG_ANALYZER_NONNULL = YES;
				CLANG_ANALYZER_NUMBER_OBJECT_CONVERSION = YES_AGGRESSIVE;
				CLANG_CXX_LANGUAGE_STANDARD = "gnu++20";
				CLANG_ENABLE_MODULES = YES;
				CLANG_ENABLE_OBJC_ARC = YES;
				CLANG_ENABLE_OBJC_WEAK = YES;
				CLANG_WARN_BLOCK_CAPTURE_AUTORELEASING = YES;
				CLANG_WARN_BOOL_CONVERSION = YES;
				CLANG_WARN_COMMA = YES;
				CLANG_WARN_CONSTANT_CONVERSION = YES;
				CLANG_WARN_DEPRECATED_OBJC_IMPLEMENTATIONS = YES;
				CLANG_WARN_DIRECT_OBJC_ISA_USAGE = YES_ERROR;
				CLANG_WARN_DOCUMENTATION_COMMENTS = YES;
				CLANG_WARN_EMPTY_BODY = YES;
				CLANG_WARN_ENUM_CONVERSION = YES;
				CLANG_WARN_INFINITE_RECURSION = YES;
				CLANG_WARN_INT_CONVERSION = YES;
				CLANG_WARN_NON_LITERAL_NULL_CONVERSION = YES;
				CLANG_WARN_OBJC_IMPLICIT_RETAIN_SELF = YES;
				CLANG_WARN_OBJC_LITERAL_CONVERSION = YES;
				CLANG_WARN_OBJC_ROOT_CLASS = YES_ERROR;
				CLANG_WARN_QUOTED_INCLUDE_IN_FRAMEWORK_HEADER = YES;
				CLANG_WARN_RANGE_LOOP_ANALYSIS = YES;
				CLANG_WARN_STRICT_PROTOTYPES = YES;
				CLANG_WARN_SUSPICIOUS_MOVE = YES;
				CLANG_WARN_UNGUARDED_AVAILABILITY = YES_AGGRESSIVE;
				CLANG_WARN_UNREACHABLE_CODE = YES;
				CLANG_WARN__DUPLICATE_METHOD_MATCH = YES;
				COPY_PHASE_STRIP = NO;
				DEBUG_INFORMATION_FORMAT = "dwarf-with-dsym";
				ENABLE_NS_ASSERTIONS = NO;
				ENABLE_STRICT_OBJC_MSGSEND = YES;
				GCC_C_LANGUAGE_STANDARD = gnu11;
				GCC_NO_COMMON_BLOCKS = YES;
				GCC_WARN_64_TO_32_BIT_CONVERSION = YES;
				GCC_WARN_ABOUT_RETURN_TYPE = YES_ERROR;
				GCC_WARN_UNDECLARED_SELECTOR = YES;
				GCC_WARN_UNINITIALIZED_AUTOS = YES_AGGRESSIVE;
				GCC_WARN_UNUSED_FUNCTION = YES;
				GCC_WARN_UNUSED_VARIABLE = YES;
				IPHONEOS_DEPLOYMENT_TARGET = 16.2;
				MTL_ENABLE_DEBUG_INFO = NO;
				MTL_FAST_MATH = YES;
				SDKROOT = iphoneos;
				SWIFT_COMPILATION_MODE = wholemodule;
				SWIFT_OPTIMIZATION_LEVEL = "-O";
				VALIDATE_PRODUCT = YES;
			};
			name = Release;
		};
		B38C52F129A7CE5100887076 /* Debug */ = {
			isa = XCBuildConfiguration;
			buildSettings = {
				ASSETCATALOG_COMPILER_APPICON_NAME = AppIcon;
				ASSETCATALOG_COMPILER_GLOBAL_ACCENT_COLOR_NAME = AccentColor;
				CODE_SIGN_STYLE = Automatic;
				CURRENT_PROJECT_VERSION = 1;
				DEVELOPMENT_TEAM = KZ7KQ2PBS3;
				GENERATE_INFOPLIST_FILE = YES;
				INFOPLIST_FILE = Challenge/Info.plist;
				INFOPLIST_KEY_UIApplicationSupportsIndirectInputEvents = YES;
				INFOPLIST_KEY_UILaunchStoryboardName = LaunchScreen;
				INFOPLIST_KEY_UIMainStoryboardFile = "";
				INFOPLIST_KEY_UISupportedInterfaceOrientations = UIInterfaceOrientationPortrait;
				IPHONEOS_DEPLOYMENT_TARGET = 14.0;
				LD_RUNPATH_SEARCH_PATHS = (
					"$(inherited)",
					"@executable_path/Frameworks",
				);
				MARKETING_VERSION = 1.0;
				PRODUCT_BUNDLE_IDENTIFIER = com.Challenge;
				PRODUCT_NAME = "$(TARGET_NAME)";
				SWIFT_EMIT_LOC_STRINGS = YES;
				SWIFT_VERSION = 5.0;
				TARGETED_DEVICE_FAMILY = "1,2";
			};
			name = Debug;
		};
		B38C52F229A7CE5100887076 /* Release */ = {
			isa = XCBuildConfiguration;
			buildSettings = {
				ASSETCATALOG_COMPILER_APPICON_NAME = AppIcon;
				ASSETCATALOG_COMPILER_GLOBAL_ACCENT_COLOR_NAME = AccentColor;
				CODE_SIGN_STYLE = Automatic;
				CURRENT_PROJECT_VERSION = 1;
				DEVELOPMENT_TEAM = KZ7KQ2PBS3;
				GENERATE_INFOPLIST_FILE = YES;
				INFOPLIST_FILE = Challenge/Info.plist;
				INFOPLIST_KEY_UIApplicationSupportsIndirectInputEvents = YES;
				INFOPLIST_KEY_UILaunchStoryboardName = LaunchScreen;
				INFOPLIST_KEY_UIMainStoryboardFile = "";
				INFOPLIST_KEY_UISupportedInterfaceOrientations = UIInterfaceOrientationPortrait;
				IPHONEOS_DEPLOYMENT_TARGET = 14.0;
				LD_RUNPATH_SEARCH_PATHS = (
					"$(inherited)",
					"@executable_path/Frameworks",
				);
				MARKETING_VERSION = 1.0;
				PRODUCT_BUNDLE_IDENTIFIER = com.Challenge;
				PRODUCT_NAME = "$(TARGET_NAME)";
				SWIFT_EMIT_LOC_STRINGS = YES;
				SWIFT_VERSION = 5.0;
				TARGETED_DEVICE_FAMILY = "1,2";
			};
			name = Release;
		};
		B38C52F429A7CE5100887076 /* Debug */ = {
			isa = XCBuildConfiguration;
			buildSettings = {
				ALWAYS_EMBED_SWIFT_STANDARD_LIBRARIES = YES;
				BUNDLE_LOADER = "$(TEST_HOST)";
				CODE_SIGN_STYLE = Automatic;
				CURRENT_PROJECT_VERSION = 1;
				DEVELOPMENT_TEAM = KZ7KQ2PBS3;
				GENERATE_INFOPLIST_FILE = YES;
				IPHONEOS_DEPLOYMENT_TARGET = 16.2;
				MARKETING_VERSION = 1.0;
				PRODUCT_BUNDLE_IDENTIFIER = com.ChallengeTests;
				PRODUCT_NAME = "$(TARGET_NAME)";
				SWIFT_EMIT_LOC_STRINGS = NO;
				SWIFT_VERSION = 5.0;
				TARGETED_DEVICE_FAMILY = "1,2";
				TEST_HOST = "$(BUILT_PRODUCTS_DIR)/Challenge.app/$(BUNDLE_EXECUTABLE_FOLDER_PATH)/Challenge";
			};
			name = Debug;
		};
		B38C52F529A7CE5100887076 /* Release */ = {
			isa = XCBuildConfiguration;
			buildSettings = {
				ALWAYS_EMBED_SWIFT_STANDARD_LIBRARIES = YES;
				BUNDLE_LOADER = "$(TEST_HOST)";
				CODE_SIGN_STYLE = Automatic;
				CURRENT_PROJECT_VERSION = 1;
				DEVELOPMENT_TEAM = KZ7KQ2PBS3;
				GENERATE_INFOPLIST_FILE = YES;
				IPHONEOS_DEPLOYMENT_TARGET = 16.2;
				MARKETING_VERSION = 1.0;
				PRODUCT_BUNDLE_IDENTIFIER = com.ChallengeTests;
				PRODUCT_NAME = "$(TARGET_NAME)";
				SWIFT_EMIT_LOC_STRINGS = NO;
				SWIFT_VERSION = 5.0;
				TARGETED_DEVICE_FAMILY = "1,2";
				TEST_HOST = "$(BUILT_PRODUCTS_DIR)/Challenge.app/$(BUNDLE_EXECUTABLE_FOLDER_PATH)/Challenge";
			};
			name = Release;
		};
/* End XCBuildConfiguration section */

/* Begin XCConfigurationList section */
		B38C52C129A7CE5000887076 /* Build configuration list for PBXProject "Challenge" */ = {
			isa = XCConfigurationList;
			buildConfigurations = (
				B38C52EE29A7CE5100887076 /* Debug */,
				B38C52EF29A7CE5100887076 /* Release */,
			);
			defaultConfigurationIsVisible = 0;
			defaultConfigurationName = Release;
		};
		B38C52F029A7CE5100887076 /* Build configuration list for PBXNativeTarget "Challenge" */ = {
			isa = XCConfigurationList;
			buildConfigurations = (
				B38C52F129A7CE5100887076 /* Debug */,
				B38C52F229A7CE5100887076 /* Release */,
			);
			defaultConfigurationIsVisible = 0;
			defaultConfigurationName = Release;
		};
		B38C52F329A7CE5100887076 /* Build configuration list for PBXNativeTarget "ChallengeTests" */ = {
			isa = XCConfigurationList;
			buildConfigurations = (
				B38C52F429A7CE5100887076 /* Debug */,
				B38C52F529A7CE5100887076 /* Release */,
			);
			defaultConfigurationIsVisible = 0;
			defaultConfigurationName = Release;
		};
/* End XCConfigurationList section */
	};
	rootObject = B38C52BE29A7CE5000887076 /* Project object */;
}
